// !$*UTF8*$!
{
	archiveVersion = 1;
	classes = {
	};
	objectVersion = 46;
	objects = {

/* Begin PBXBuildFile section */
		1929949B4AC914B44D61F796 /* libPods-DOTA2ShiPing.a in Frameworks */ = {isa = PBXBuildFile; fileRef = 939CCEAA439897D1DEE60C3E /* libPods-DOTA2ShiPing.a */; };
		2D0A823C1CDE2E1A00F26BD1 /* SPItemEntranceVC.m in Sources */ = {isa = PBXBuildFile; fileRef = 2D0A823B1CDE2E1A00F26BD1 /* SPItemEntranceVC.m */; };
		2D0A823F1CDE2FE300F26BD1 /* SPItemEntranceConfigure in Resources */ = {isa = PBXBuildFile; fileRef = 2D0A823E1CDE2FE300F26BD1 /* SPItemEntranceConfigure */; };
		2D0A82431CDE312500F26BD1 /* SPItemEntranceConfig.m in Sources */ = {isa = PBXBuildFile; fileRef = 2D0A82421CDE312500F26BD1 /* SPItemEntranceConfig.m */; };
		2D0A82471CDE32F500F26BD1 /* SPItemEntranceCell.m in Sources */ = {isa = PBXBuildFile; fileRef = 2D0A82461CDE32F500F26BD1 /* SPItemEntranceCell.m */; };
		2D0A824B1CDE362E00F26BD1 /* UIImage+ImageEffects.m in Sources */ = {isa = PBXBuildFile; fileRef = 2D0A824A1CDE362E00F26BD1 /* UIImage+ImageEffects.m */; };
		2D0A82501CDE4CAB00F26BD1 /* SPItemOffPriceVC.m in Sources */ = {isa = PBXBuildFile; fileRef = 2D0A824F1CDE4CAB00F26BD1 /* SPItemOffPriceVC.m */; };
		2D0A82521CDE4D5F00F26BD1 /* WebKit.framework in Frameworks */ = {isa = PBXBuildFile; fileRef = 2D0A82511CDE4D5F00F26BD1 /* WebKit.framework */; };
		2D0A82581CDED9B700F26BD1 /* SPItemHeroPickerVC.m in Sources */ = {isa = PBXBuildFile; fileRef = 2D0A82571CDED9B700F26BD1 /* SPItemHeroPickerVC.m */; };
		2D0A825C1CDEE6F800F26BD1 /* UIViewController+Storyboard.m in Sources */ = {isa = PBXBuildFile; fileRef = 2D0A825B1CDEE6F800F26BD1 /* UIViewController+Storyboard.m */; };
		2D0A825F1CDEEDD000F26BD1 /* SPHeroCell.m in Sources */ = {isa = PBXBuildFile; fileRef = 2D0A825E1CDEEDD000F26BD1 /* SPHeroCell.m */; };
		2D0A82621CDEEE8500F26BD1 /* SPHero.m in Sources */ = {isa = PBXBuildFile; fileRef = 2D0A82611CDEEE8500F26BD1 /* SPHero.m */; };
		2D0A82651CDEEEA600F26BD1 /* SPItemSlot.m in Sources */ = {isa = PBXBuildFile; fileRef = 2D0A82641CDEEEA600F26BD1 /* SPItemSlot.m */; };
		2D0A82671CDEEEE500F26BD1 /* data.json in Resources */ = {isa = PBXBuildFile; fileRef = 2D0A82661CDEEEE500F26BD1 /* data.json */; };
		2D0A826A1CDEEF1400F26BD1 /* SPDataManager.m in Sources */ = {isa = PBXBuildFile; fileRef = 2D0A82691CDEEF1400F26BD1 /* SPDataManager.m */; };
		2D0A826D1CDF1EF300F26BD1 /* SPItemListVC.m in Sources */ = {isa = PBXBuildFile; fileRef = 2D0A826C1CDF1EF300F26BD1 /* SPItemListVC.m */; };
		2D0A827A1CDF303500F26BD1 /* baidumobadsdk.bundle in Resources */ = {isa = PBXBuildFile; fileRef = 2D0A82731CDF303500F26BD1 /* baidumobadsdk.bundle */; };
		2D0A827B1CDF303500F26BD1 /* libBaiduMobAdSdk64bit.a in Frameworks */ = {isa = PBXBuildFile; fileRef = 2D0A82791CDF303500F26BD1 /* libBaiduMobAdSdk64bit.a */; };
		2D0A827D1CDF323A00F26BD1 /* CoreMedia.framework in Frameworks */ = {isa = PBXBuildFile; fileRef = 2D0A827C1CDF323A00F26BD1 /* CoreMedia.framework */; };
		2D0A827F1CDF324000F26BD1 /* QuartzCore.framework in Frameworks */ = {isa = PBXBuildFile; fileRef = 2D0A827E1CDF324000F26BD1 /* QuartzCore.framework */; };
		2D0A82811CDF324500F26BD1 /* Security.framework in Frameworks */ = {isa = PBXBuildFile; fileRef = 2D0A82801CDF324500F26BD1 /* Security.framework */; };
		2D0A82831CDF324900F26BD1 /* AdSupport.framework in Frameworks */ = {isa = PBXBuildFile; fileRef = 2D0A82821CDF324900F26BD1 /* AdSupport.framework */; };
		2D0A82851CDF324F00F26BD1 /* StoreKit.framework in Frameworks */ = {isa = PBXBuildFile; fileRef = 2D0A82841CDF324F00F26BD1 /* StoreKit.framework */; };
		2D0A82871CDF325700F26BD1 /* libz.tbd in Frameworks */ = {isa = PBXBuildFile; fileRef = 2D0A82861CDF325700F26BD1 /* libz.tbd */; };
		2D0A82891CDF325D00F26BD1 /* AudioToolbox.framework in Frameworks */ = {isa = PBXBuildFile; fileRef = 2D0A82881CDF325D00F26BD1 /* AudioToolbox.framework */; };
		2D0A828B1CDF326200F26BD1 /* CoreMotion.framework in Frameworks */ = {isa = PBXBuildFile; fileRef = 2D0A828A1CDF326200F26BD1 /* CoreMotion.framework */; };
		2D0A828D1CDF326900F26BD1 /* MediaPlayer.framework in Frameworks */ = {isa = PBXBuildFile; fileRef = 2D0A828C1CDF326900F26BD1 /* MediaPlayer.framework */; };
		2D0A828F1CDF327200F26BD1 /* AVFoundation.framework in Frameworks */ = {isa = PBXBuildFile; fileRef = 2D0A828E1CDF327200F26BD1 /* AVFoundation.framework */; };
		2D0A82911CDF327900F26BD1 /* MessageUI.framework in Frameworks */ = {isa = PBXBuildFile; fileRef = 2D0A82901CDF327900F26BD1 /* MessageUI.framework */; };
		2D0A82931CDF327F00F26BD1 /* CoreLocation.framework in Frameworks */ = {isa = PBXBuildFile; fileRef = 2D0A82921CDF327F00F26BD1 /* CoreLocation.framework */; };
		2D0A82951CDF328900F26BD1 /* CoreTelephony.framework in Frameworks */ = {isa = PBXBuildFile; fileRef = 2D0A82941CDF328900F26BD1 /* CoreTelephony.framework */; };
		2D0A82971CDF328E00F26BD1 /* SystemConfiguration.framework in Frameworks */ = {isa = PBXBuildFile; fileRef = 2D0A82961CDF328E00F26BD1 /* SystemConfiguration.framework */; };
		2D0A82991CDF329A00F26BD1 /* CoreGraphics.framework in Frameworks */ = {isa = PBXBuildFile; fileRef = 2D0A82981CDF329A00F26BD1 /* CoreGraphics.framework */; };
		2D0A829C1CDF32EC00F26BD1 /* DDMainADVC.m in Sources */ = {isa = PBXBuildFile; fileRef = 2D0A829B1CDF32EC00F26BD1 /* DDMainADVC.m */; };
		2D0A82A21CDF3A7700F26BD1 /* SPLaunchADVC.m in Sources */ = {isa = PBXBuildFile; fileRef = 2D0A82A11CDF3A7700F26BD1 /* SPLaunchADVC.m */; };
		2D0A82A61CDF4AAA00F26BD1 /* DDSegmentScrollView.m in Sources */ = {isa = PBXBuildFile; fileRef = 2D0A82A51CDF4AAA00F26BD1 /* DDSegmentScrollView.m */; };
		2D0FB4A41CEB10F1004A300D /* SPSearchVC.m in Sources */ = {isa = PBXBuildFile; fileRef = 2D0FB4A31CEB10F1004A300D /* SPSearchVC.m */; };
		2D1CA5A81D15705400B169E0 /* SPPlayerItems.m in Sources */ = {isa = PBXBuildFile; fileRef = 2D1CA5A71D15705400B169E0 /* SPPlayerItems.m */; };
		2D3CAC901D327DDA001932E4 /* SPPlayerInventoryFilterVC.m in Sources */ = {isa = PBXBuildFile; fileRef = 2D3CAC8F1D327DDA001932E4 /* SPPlayerInventoryFilterVC.m */; };
		2D3CAC931D32870D001932E4 /* SPPlayerInventorySearchResultVC.m in Sources */ = {isa = PBXBuildFile; fileRef = 2D3CAC921D32870D001932E4 /* SPPlayerInventorySearchResultVC.m */; };
		2D3CAC961D32A130001932E4 /* SPItemQuality.m in Sources */ = {isa = PBXBuildFile; fileRef = 2D3CAC951D32A130001932E4 /* SPItemQuality.m */; };
		2D3CAC9D1D33C747001932E4 /* SPWorkshopVC.m in Sources */ = {isa = PBXBuildFile; fileRef = 2D3CAC9C1D33C747001932E4 /* SPWorkshopVC.m */; };
		2D48D2981CDE20D700190F0C /* main.m in Sources */ = {isa = PBXBuildFile; fileRef = 2D48D2971CDE20D700190F0C /* main.m */; };
		2D48D29B1CDE20D700190F0C /* AppDelegate.m in Sources */ = {isa = PBXBuildFile; fileRef = 2D48D29A1CDE20D700190F0C /* AppDelegate.m */; };
		2D48D2A61CDE20D700190F0C /* Assets.xcassets in Resources */ = {isa = PBXBuildFile; fileRef = 2D48D2A51CDE20D700190F0C /* Assets.xcassets */; };
		2D48D2A91CDE20D700190F0C /* LaunchScreen.storyboard in Resources */ = {isa = PBXBuildFile; fileRef = 2D48D2A71CDE20D700190F0C /* LaunchScreen.storyboard */; };
		2D48D2C61CDE21F400190F0C /* SPMain.storyboard in Resources */ = {isa = PBXBuildFile; fileRef = 2D48D2C51CDE21F400190F0C /* SPMain.storyboard */; };
		2D48D2C91CDE22B800190F0C /* DDMainTBC.m in Sources */ = {isa = PBXBuildFile; fileRef = 2D48D2C81CDE22B800190F0C /* DDMainTBC.m */; };
		2D494BB61CE0BE9700491A20 /* SPItemFilter.m in Sources */ = {isa = PBXBuildFile; fileRef = 2D494BB51CE0BE9700491A20 /* SPItemFilter.m */; };
		2D494BB91CE0BF5D00491A20 /* SPItemRarity.m in Sources */ = {isa = PBXBuildFile; fileRef = 2D494BB81CE0BF5D00491A20 /* SPItemRarity.m */; };
		2D494BBC1CE0C15100491A20 /* SPItem.m in Sources */ = {isa = PBXBuildFile; fileRef = 2D494BBB1CE0C15100491A20 /* SPItem.m */; };
		2D494BC21CE0D28B00491A20 /* DDProgressHUD.m in Sources */ = {isa = PBXBuildFile; fileRef = 2D494BC11CE0D28B00491A20 /* DDProgressHUD.m */; };
		2D494BC51CE0D51800491A20 /* SPItemPrefab.m in Sources */ = {isa = PBXBuildFile; fileRef = 2D494BC41CE0D51800491A20 /* SPItemPrefab.m */; };
		2D57A2FF1D28F37B00D36150 /* SPSearchPlayerItemsVC.m in Sources */ = {isa = PBXBuildFile; fileRef = 2D57A2FE1D28F37B00D36150 /* SPSearchPlayerItemsVC.m */; };
		2D57A3021D29028300D36150 /* SPPlayerDetailInfoVC.m in Sources */ = {isa = PBXBuildFile; fileRef = 2D57A3011D29028300D36150 /* SPPlayerDetailInfoVC.m */; };
		2D6AACAA1CE738B200A7D610 /* SPItem+Cache.m in Sources */ = {isa = PBXBuildFile; fileRef = 2D6AACA91CE738B200A7D610 /* SPItem+Cache.m */; };
		2D6AACAE1CE76F3300A7D610 /* SPItemSets.m in Sources */ = {isa = PBXBuildFile; fileRef = 2D6AACAD1CE76F3300A7D610 /* SPItemSets.m */; };
		2D6E24381D3020EA00995045 /* SPLeftAlignmentLayout.m in Sources */ = {isa = PBXBuildFile; fileRef = 2D6E24371D3020EA00995045 /* SPLeftAlignmentLayout.m */; };
		2D86C0F11CF99DB0008E1C5D /* item.db in Resources */ = {isa = PBXBuildFile; fileRef = 2D86C0F01CF99DB0008E1C5D /* item.db */; };
		2D86C0F41CF9CA13008E1C5D /* SPSearchBar.m in Sources */ = {isa = PBXBuildFile; fileRef = 2D86C0F31CF9CA13008E1C5D /* SPSearchBar.m */; };
		2D86C0F71CFAA0D9008E1C5D /* SPSearchEngine.m in Sources */ = {isa = PBXBuildFile; fileRef = 2D86C0F61CFAA0D9008E1C5D /* SPSearchEngine.m */; };
		2D86C0FA1CFAEECA008E1C5D /* SPBaseViewController.m in Sources */ = {isa = PBXBuildFile; fileRef = 2D86C0F91CFAEECA008E1C5D /* SPBaseViewController.m */; };
		2D86C0FF1CFAF8B2008E1C5D /* SPMaxPlusAPI.m in Sources */ = {isa = PBXBuildFile; fileRef = 2D86C0FE1CFAF8B2008E1C5D /* SPMaxPlusAPI.m */; };
		2D86C1041CFB00E3008E1C5D /* SPPlayer.m in Sources */ = {isa = PBXBuildFile; fileRef = 2D86C1031CFB00E3008E1C5D /* SPPlayer.m */; };
		2D86C10A1CFB0F30008E1C5D /* SPPlayerListVC.m in Sources */ = {isa = PBXBuildFile; fileRef = 2D86C1091CFB0F30008E1C5D /* SPPlayerListVC.m */; };
		2D86C10D1CFB13C7008E1C5D /* SPSearchCell.m in Sources */ = {isa = PBXBuildFile; fileRef = 2D86C10C1CFB13C7008E1C5D /* SPSearchCell.m */; };
		2D86C1101CFB1EBE008E1C5D /* SPPlayerManager.m in Sources */ = {isa = PBXBuildFile; fileRef = 2D86C10F1CFB1EBE008E1C5D /* SPPlayerManager.m */; };
		2D925F991D28C05100CF70BE /* SPPlayerCell.m in Sources */ = {isa = PBXBuildFile; fileRef = 2D925F981D28C05100CF70BE /* SPPlayerCell.m */; };
		2D9C8B6F1D154EBC00F217AE /* LCActionSheet.bundle in Resources */ = {isa = PBXBuildFile; fileRef = 2D9C8B6C1D154EBC00F217AE /* LCActionSheet.bundle */; };
		2D9C8B701D154EBC00F217AE /* LCActionSheet.m in Sources */ = {isa = PBXBuildFile; fileRef = 2D9C8B6E1D154EBC00F217AE /* LCActionSheet.m */; };
		2DA4523F1CE0DDF6004BD185 /* SPItemListContainer.m in Sources */ = {isa = PBXBuildFile; fileRef = 2DA4523E1CE0DDF6004BD185 /* SPItemListContainer.m */; };
		2DA452421CE0E0E1004BD185 /* SPItemCell.m in Sources */ = {isa = PBXBuildFile; fileRef = 2DA452411CE0E0E1004BD185 /* SPItemCell.m */; };
		2DA452451CE0ED35004BD185 /* SPItemColor.m in Sources */ = {isa = PBXBuildFile; fileRef = 2DA452441CE0ED35004BD185 /* SPItemColor.m */; };
		2DA452521CE0FF4C004BD185 /* SPLogoHeader.m in Sources */ = {isa = PBXBuildFile; fileRef = 2DA452511CE0FF4C004BD185 /* SPLogoHeader.m */; };
		2DB174861D14FBDE0042417D /* SPDotabuffAPI.m in Sources */ = {isa = PBXBuildFile; fileRef = 2DB174851D14FBDE0042417D /* SPDotabuffAPI.m */; };
		2DB174891D14FBE70042417D /* SPSteamAPI.m in Sources */ = {isa = PBXBuildFile; fileRef = 2DB174881D14FBE70042417D /* SPSteamAPI.m */; };
		2DF28B7B1D30B1A6003762DA /* SPPlayerAliasesVC.m in Sources */ = {isa = PBXBuildFile; fileRef = 2DF28B7A1D30B1A6003762DA /* SPPlayerAliasesVC.m */; };
		2DF28B7E1D30B4E3003762DA /* SPPlayer+More.m in Sources */ = {isa = PBXBuildFile; fileRef = 2DF28B7D1D30B4E3003762DA /* SPPlayer+More.m */; };
		2DF28B841D30DF46003762DA /* SPPlayerInventoryVC.m in Sources */ = {isa = PBXBuildFile; fileRef = 2DF28B831D30DF46003762DA /* SPPlayerInventoryVC.m */; };
		2DF28B871D30E9AF003762DA /* SPInventoryCategoryPickerVC.m in Sources */ = {isa = PBXBuildFile; fileRef = 2DF28B861D30E9AF003762DA /* SPInventoryCategoryPickerVC.m */; };
		2DF28B8A1D30FE95003762DA /* SPInventoryFilter.m in Sources */ = {isa = PBXBuildFile; fileRef = 2DF28B891D30FE95003762DA /* SPInventoryFilter.m */; };
		2DF28B8E1D312B95003762DA /* UIView+More.m in Sources */ = {isa = PBXBuildFile; fileRef = 2DF28B8D1D312B95003762DA /* UIView+More.m */; };
		44399A0B1D34919C006F0F16 /* SPPlayerInventorySearchFilterVC.m in Sources */ = {isa = PBXBuildFile; fileRef = 44399A0A1D34919C006F0F16 /* SPPlayerInventorySearchFilterVC.m */; };
		44399A0E1D3494D0006F0F16 /* SPInventoryConditionCell.m in Sources */ = {isa = PBXBuildFile; fileRef = 44399A0D1D3494D0006F0F16 /* SPInventoryConditionCell.m */; };
		44C71DA11D3360DD00D2E06F /* SPInventorySegmentPickerVC.m in Sources */ = {isa = PBXBuildFile; fileRef = 44C71DA01D3360DD00D2E06F /* SPInventorySegmentPickerVC.m */; };
/* End PBXBuildFile section */

/* Begin PBXFileReference section */
		112F9D57D42D37A148B12842 /* Pods-DOTA2ShiPing.debug.xcconfig */ = {isa = PBXFileReference; includeInIndex = 1; lastKnownFileType = text.xcconfig; name = "Pods-DOTA2ShiPing.debug.xcconfig"; path = "Pods/Target Support Files/Pods-DOTA2ShiPing/Pods-DOTA2ShiPing.debug.xcconfig"; sourceTree = "<group>"; };
		23D6142664BEC9BAEB40BFC9 /* Pods-DOTA2ShiPing.release.xcconfig */ = {isa = PBXFileReference; includeInIndex = 1; lastKnownFileType = text.xcconfig; name = "Pods-DOTA2ShiPing.release.xcconfig"; path = "Pods/Target Support Files/Pods-DOTA2ShiPing/Pods-DOTA2ShiPing.release.xcconfig"; sourceTree = "<group>"; };
		2D0A823A1CDE2E1A00F26BD1 /* SPItemEntranceVC.h */ = {isa = PBXFileReference; fileEncoding = 4; lastKnownFileType = sourcecode.c.h; path = SPItemEntranceVC.h; sourceTree = "<group>"; };
		2D0A823B1CDE2E1A00F26BD1 /* SPItemEntranceVC.m */ = {isa = PBXFileReference; fileEncoding = 4; lastKnownFileType = sourcecode.c.objc; path = SPItemEntranceVC.m; sourceTree = "<group>"; };
		2D0A823D1CDE2E8C00F26BD1 /* SPItemCommon.h */ = {isa = PBXFileReference; lastKnownFileType = sourcecode.c.h; path = SPItemCommon.h; sourceTree = "<group>"; };
		2D0A823E1CDE2FE300F26BD1 /* SPItemEntranceConfigure */ = {isa = PBXFileReference; fileEncoding = 4; lastKnownFileType = text; path = SPItemEntranceConfigure; sourceTree = "<group>"; };
		2D0A82411CDE312500F26BD1 /* SPItemEntranceConfig.h */ = {isa = PBXFileReference; fileEncoding = 4; lastKnownFileType = sourcecode.c.h; path = SPItemEntranceConfig.h; sourceTree = "<group>"; };
		2D0A82421CDE312500F26BD1 /* SPItemEntranceConfig.m */ = {isa = PBXFileReference; fileEncoding = 4; lastKnownFileType = sourcecode.c.objc; path = SPItemEntranceConfig.m; sourceTree = "<group>"; };
		2D0A82441CDE31BE00F26BD1 /* SPMacro.h */ = {isa = PBXFileReference; lastKnownFileType = sourcecode.c.h; path = SPMacro.h; sourceTree = "<group>"; };
		2D0A82451CDE32F500F26BD1 /* SPItemEntranceCell.h */ = {isa = PBXFileReference; fileEncoding = 4; lastKnownFileType = sourcecode.c.h; path = SPItemEntranceCell.h; sourceTree = "<group>"; };
		2D0A82461CDE32F500F26BD1 /* SPItemEntranceCell.m */ = {isa = PBXFileReference; fileEncoding = 4; lastKnownFileType = sourcecode.c.objc; path = SPItemEntranceCell.m; sourceTree = "<group>"; };
		2D0A82491CDE362E00F26BD1 /* UIImage+ImageEffects.h */ = {isa = PBXFileReference; fileEncoding = 4; lastKnownFileType = sourcecode.c.h; path = "UIImage+ImageEffects.h"; sourceTree = "<group>"; };
		2D0A824A1CDE362E00F26BD1 /* UIImage+ImageEffects.m */ = {isa = PBXFileReference; fileEncoding = 4; lastKnownFileType = sourcecode.c.objc; path = "UIImage+ImageEffects.m"; sourceTree = "<group>"; };
		2D0A824E1CDE4CAB00F26BD1 /* SPItemOffPriceVC.h */ = {isa = PBXFileReference; fileEncoding = 4; lastKnownFileType = sourcecode.c.h; path = SPItemOffPriceVC.h; sourceTree = "<group>"; };
		2D0A824F1CDE4CAB00F26BD1 /* SPItemOffPriceVC.m */ = {isa = PBXFileReference; fileEncoding = 4; lastKnownFileType = sourcecode.c.objc; path = SPItemOffPriceVC.m; sourceTree = "<group>"; };
		2D0A82511CDE4D5F00F26BD1 /* WebKit.framework */ = {isa = PBXFileReference; lastKnownFileType = wrapper.framework; name = WebKit.framework; path = System/Library/Frameworks/WebKit.framework; sourceTree = SDKROOT; };
		2D0A82561CDED9B700F26BD1 /* SPItemHeroPickerVC.h */ = {isa = PBXFileReference; fileEncoding = 4; lastKnownFileType = sourcecode.c.h; path = SPItemHeroPickerVC.h; sourceTree = "<group>"; };
		2D0A82571CDED9B700F26BD1 /* SPItemHeroPickerVC.m */ = {isa = PBXFileReference; fileEncoding = 4; lastKnownFileType = sourcecode.c.objc; path = SPItemHeroPickerVC.m; sourceTree = "<group>"; };
		2D0A825A1CDEE6F800F26BD1 /* UIViewController+Storyboard.h */ = {isa = PBXFileReference; fileEncoding = 4; lastKnownFileType = sourcecode.c.h; path = "UIViewController+Storyboard.h"; sourceTree = "<group>"; };
		2D0A825B1CDEE6F800F26BD1 /* UIViewController+Storyboard.m */ = {isa = PBXFileReference; fileEncoding = 4; lastKnownFileType = sourcecode.c.objc; path = "UIViewController+Storyboard.m"; sourceTree = "<group>"; };
		2D0A825D1CDEEDD000F26BD1 /* SPHeroCell.h */ = {isa = PBXFileReference; fileEncoding = 4; lastKnownFileType = sourcecode.c.h; path = SPHeroCell.h; sourceTree = "<group>"; };
		2D0A825E1CDEEDD000F26BD1 /* SPHeroCell.m */ = {isa = PBXFileReference; fileEncoding = 4; lastKnownFileType = sourcecode.c.objc; path = SPHeroCell.m; sourceTree = "<group>"; };
		2D0A82601CDEEE8500F26BD1 /* SPHero.h */ = {isa = PBXFileReference; fileEncoding = 4; lastKnownFileType = sourcecode.c.h; path = SPHero.h; sourceTree = "<group>"; };
		2D0A82611CDEEE8500F26BD1 /* SPHero.m */ = {isa = PBXFileReference; fileEncoding = 4; lastKnownFileType = sourcecode.c.objc; path = SPHero.m; sourceTree = "<group>"; };
		2D0A82631CDEEEA600F26BD1 /* SPItemSlot.h */ = {isa = PBXFileReference; fileEncoding = 4; lastKnownFileType = sourcecode.c.h; path = SPItemSlot.h; sourceTree = "<group>"; };
		2D0A82641CDEEEA600F26BD1 /* SPItemSlot.m */ = {isa = PBXFileReference; fileEncoding = 4; lastKnownFileType = sourcecode.c.objc; path = SPItemSlot.m; sourceTree = "<group>"; };
		2D0A82661CDEEEE500F26BD1 /* data.json */ = {isa = PBXFileReference; fileEncoding = 4; lastKnownFileType = text.json; path = data.json; sourceTree = "<group>"; };
		2D0A82681CDEEF1400F26BD1 /* SPDataManager.h */ = {isa = PBXFileReference; fileEncoding = 4; lastKnownFileType = sourcecode.c.h; path = SPDataManager.h; sourceTree = "<group>"; };
		2D0A82691CDEEF1400F26BD1 /* SPDataManager.m */ = {isa = PBXFileReference; fileEncoding = 4; lastKnownFileType = sourcecode.c.objc; path = SPDataManager.m; sourceTree = "<group>"; };
		2D0A826B1CDF1EF300F26BD1 /* SPItemListVC.h */ = {isa = PBXFileReference; fileEncoding = 4; lastKnownFileType = sourcecode.c.h; path = SPItemListVC.h; sourceTree = "<group>"; };
		2D0A826C1CDF1EF300F26BD1 /* SPItemListVC.m */ = {isa = PBXFileReference; fileEncoding = 4; lastKnownFileType = sourcecode.c.objc; path = SPItemListVC.m; sourceTree = "<group>"; };
		2D0A826F1CDF303500F26BD1 /* BaiduMobAdCommonConfig.h */ = {isa = PBXFileReference; fileEncoding = 4; lastKnownFileType = sourcecode.c.h; path = BaiduMobAdCommonConfig.h; sourceTree = "<group>"; };
		2D0A82701CDF303500F26BD1 /* BaiduMobAdDelegateProtocol.h */ = {isa = PBXFileReference; fileEncoding = 4; lastKnownFileType = sourcecode.c.h; path = BaiduMobAdDelegateProtocol.h; sourceTree = "<group>"; };
		2D0A82711CDF303500F26BD1 /* BaiduMobAdInterstitial.h */ = {isa = PBXFileReference; fileEncoding = 4; lastKnownFileType = sourcecode.c.h; path = BaiduMobAdInterstitial.h; sourceTree = "<group>"; };
		2D0A82721CDF303500F26BD1 /* BaiduMobAdInterstitialDelegate.h */ = {isa = PBXFileReference; fileEncoding = 4; lastKnownFileType = sourcecode.c.h; path = BaiduMobAdInterstitialDelegate.h; sourceTree = "<group>"; };
		2D0A82731CDF303500F26BD1 /* baidumobadsdk.bundle */ = {isa = PBXFileReference; lastKnownFileType = "wrapper.plug-in"; path = baidumobadsdk.bundle; sourceTree = "<group>"; };
		2D0A82741CDF303500F26BD1 /* BaiduMobAdSplash.h */ = {isa = PBXFileReference; fileEncoding = 4; lastKnownFileType = sourcecode.c.h; path = BaiduMobAdSplash.h; sourceTree = "<group>"; };
		2D0A82751CDF303500F26BD1 /* BaiduMobAdSplashDelegate.h */ = {isa = PBXFileReference; fileEncoding = 4; lastKnownFileType = sourcecode.c.h; path = BaiduMobAdSplashDelegate.h; sourceTree = "<group>"; };
		2D0A82761CDF303500F26BD1 /* BaiduMobAdVideoDelegate.h */ = {isa = PBXFileReference; fileEncoding = 4; lastKnownFileType = sourcecode.c.h; path = BaiduMobAdVideoDelegate.h; sourceTree = "<group>"; };
		2D0A82771CDF303500F26BD1 /* BaiduMobAdVideoView.h */ = {isa = PBXFileReference; fileEncoding = 4; lastKnownFileType = sourcecode.c.h; path = BaiduMobAdVideoView.h; sourceTree = "<group>"; };
		2D0A82781CDF303500F26BD1 /* BaiduMobAdView.h */ = {isa = PBXFileReference; fileEncoding = 4; lastKnownFileType = sourcecode.c.h; path = BaiduMobAdView.h; sourceTree = "<group>"; };
		2D0A82791CDF303500F26BD1 /* libBaiduMobAdSdk64bit.a */ = {isa = PBXFileReference; lastKnownFileType = archive.ar; path = libBaiduMobAdSdk64bit.a; sourceTree = "<group>"; };
		2D0A827C1CDF323A00F26BD1 /* CoreMedia.framework */ = {isa = PBXFileReference; lastKnownFileType = wrapper.framework; name = CoreMedia.framework; path = System/Library/Frameworks/CoreMedia.framework; sourceTree = SDKROOT; };
		2D0A827E1CDF324000F26BD1 /* QuartzCore.framework */ = {isa = PBXFileReference; lastKnownFileType = wrapper.framework; name = QuartzCore.framework; path = System/Library/Frameworks/QuartzCore.framework; sourceTree = SDKROOT; };
		2D0A82801CDF324500F26BD1 /* Security.framework */ = {isa = PBXFileReference; lastKnownFileType = wrapper.framework; name = Security.framework; path = System/Library/Frameworks/Security.framework; sourceTree = SDKROOT; };
		2D0A82821CDF324900F26BD1 /* AdSupport.framework */ = {isa = PBXFileReference; lastKnownFileType = wrapper.framework; name = AdSupport.framework; path = System/Library/Frameworks/AdSupport.framework; sourceTree = SDKROOT; };
		2D0A82841CDF324F00F26BD1 /* StoreKit.framework */ = {isa = PBXFileReference; lastKnownFileType = wrapper.framework; name = StoreKit.framework; path = System/Library/Frameworks/StoreKit.framework; sourceTree = SDKROOT; };
		2D0A82861CDF325700F26BD1 /* libz.tbd */ = {isa = PBXFileReference; lastKnownFileType = "sourcecode.text-based-dylib-definition"; name = libz.tbd; path = usr/lib/libz.tbd; sourceTree = SDKROOT; };
		2D0A82881CDF325D00F26BD1 /* AudioToolbox.framework */ = {isa = PBXFileReference; lastKnownFileType = wrapper.framework; name = AudioToolbox.framework; path = System/Library/Frameworks/AudioToolbox.framework; sourceTree = SDKROOT; };
		2D0A828A1CDF326200F26BD1 /* CoreMotion.framework */ = {isa = PBXFileReference; lastKnownFileType = wrapper.framework; name = CoreMotion.framework; path = System/Library/Frameworks/CoreMotion.framework; sourceTree = SDKROOT; };
		2D0A828C1CDF326900F26BD1 /* MediaPlayer.framework */ = {isa = PBXFileReference; lastKnownFileType = wrapper.framework; name = MediaPlayer.framework; path = System/Library/Frameworks/MediaPlayer.framework; sourceTree = SDKROOT; };
		2D0A828E1CDF327200F26BD1 /* AVFoundation.framework */ = {isa = PBXFileReference; lastKnownFileType = wrapper.framework; name = AVFoundation.framework; path = System/Library/Frameworks/AVFoundation.framework; sourceTree = SDKROOT; };
		2D0A82901CDF327900F26BD1 /* MessageUI.framework */ = {isa = PBXFileReference; lastKnownFileType = wrapper.framework; name = MessageUI.framework; path = System/Library/Frameworks/MessageUI.framework; sourceTree = SDKROOT; };
		2D0A82921CDF327F00F26BD1 /* CoreLocation.framework */ = {isa = PBXFileReference; lastKnownFileType = wrapper.framework; name = CoreLocation.framework; path = System/Library/Frameworks/CoreLocation.framework; sourceTree = SDKROOT; };
		2D0A82941CDF328900F26BD1 /* CoreTelephony.framework */ = {isa = PBXFileReference; lastKnownFileType = wrapper.framework; name = CoreTelephony.framework; path = System/Library/Frameworks/CoreTelephony.framework; sourceTree = SDKROOT; };
		2D0A82961CDF328E00F26BD1 /* SystemConfiguration.framework */ = {isa = PBXFileReference; lastKnownFileType = wrapper.framework; name = SystemConfiguration.framework; path = System/Library/Frameworks/SystemConfiguration.framework; sourceTree = SDKROOT; };
		2D0A82981CDF329A00F26BD1 /* CoreGraphics.framework */ = {isa = PBXFileReference; lastKnownFileType = wrapper.framework; name = CoreGraphics.framework; path = System/Library/Frameworks/CoreGraphics.framework; sourceTree = SDKROOT; };
		2D0A829A1CDF32EC00F26BD1 /* DDMainADVC.h */ = {isa = PBXFileReference; fileEncoding = 4; lastKnownFileType = sourcecode.c.h; path = DDMainADVC.h; sourceTree = "<group>"; };
		2D0A829B1CDF32EC00F26BD1 /* DDMainADVC.m */ = {isa = PBXFileReference; fileEncoding = 4; lastKnownFileType = sourcecode.c.objc; path = DDMainADVC.m; sourceTree = "<group>"; };
		2D0A82A01CDF3A7700F26BD1 /* SPLaunchADVC.h */ = {isa = PBXFileReference; fileEncoding = 4; lastKnownFileType = sourcecode.c.h; path = SPLaunchADVC.h; sourceTree = "<group>"; };
		2D0A82A11CDF3A7700F26BD1 /* SPLaunchADVC.m */ = {isa = PBXFileReference; fileEncoding = 4; lastKnownFileType = sourcecode.c.objc; path = SPLaunchADVC.m; sourceTree = "<group>"; };
		2D0A82A41CDF4AAA00F26BD1 /* DDSegmentScrollView.h */ = {isa = PBXFileReference; fileEncoding = 4; lastKnownFileType = sourcecode.c.h; path = DDSegmentScrollView.h; sourceTree = "<group>"; };
		2D0A82A51CDF4AAA00F26BD1 /* DDSegmentScrollView.m */ = {isa = PBXFileReference; fileEncoding = 4; lastKnownFileType = sourcecode.c.objc; path = DDSegmentScrollView.m; sourceTree = "<group>"; };
		2D0FB4A21CEB10F1004A300D /* SPSearchVC.h */ = {isa = PBXFileReference; fileEncoding = 4; lastKnownFileType = sourcecode.c.h; path = SPSearchVC.h; sourceTree = "<group>"; };
		2D0FB4A31CEB10F1004A300D /* SPSearchVC.m */ = {isa = PBXFileReference; fileEncoding = 4; lastKnownFileType = sourcecode.c.objc; path = SPSearchVC.m; sourceTree = "<group>"; };
		2D1CA5A21D1557CF00B169E0 /* SPPlayerCommon.h */ = {isa = PBXFileReference; lastKnownFileType = sourcecode.c.h; path = SPPlayerCommon.h; sourceTree = "<group>"; };
		2D1CA5A61D15705400B169E0 /* SPPlayerItems.h */ = {isa = PBXFileReference; fileEncoding = 4; lastKnownFileType = sourcecode.c.h; path = SPPlayerItems.h; sourceTree = "<group>"; };
		2D1CA5A71D15705400B169E0 /* SPPlayerItems.m */ = {isa = PBXFileReference; fileEncoding = 4; lastKnownFileType = sourcecode.c.objc; path = SPPlayerItems.m; sourceTree = "<group>"; };
		2D3CAC8E1D327DDA001932E4 /* SPPlayerInventoryFilterVC.h */ = {isa = PBXFileReference; fileEncoding = 4; lastKnownFileType = sourcecode.c.h; path = SPPlayerInventoryFilterVC.h; sourceTree = "<group>"; };
		2D3CAC8F1D327DDA001932E4 /* SPPlayerInventoryFilterVC.m */ = {isa = PBXFileReference; fileEncoding = 4; lastKnownFileType = sourcecode.c.objc; path = SPPlayerInventoryFilterVC.m; sourceTree = "<group>"; };
		2D3CAC911D32870D001932E4 /* SPPlayerInventorySearchResultVC.h */ = {isa = PBXFileReference; fileEncoding = 4; lastKnownFileType = sourcecode.c.h; path = SPPlayerInventorySearchResultVC.h; sourceTree = "<group>"; };
		2D3CAC921D32870D001932E4 /* SPPlayerInventorySearchResultVC.m */ = {isa = PBXFileReference; fileEncoding = 4; lastKnownFileType = sourcecode.c.objc; path = SPPlayerInventorySearchResultVC.m; sourceTree = "<group>"; };
		2D3CAC941D32A130001932E4 /* SPItemQuality.h */ = {isa = PBXFileReference; fileEncoding = 4; lastKnownFileType = sourcecode.c.h; path = SPItemQuality.h; sourceTree = "<group>"; };
		2D3CAC951D32A130001932E4 /* SPItemQuality.m */ = {isa = PBXFileReference; fileEncoding = 4; lastKnownFileType = sourcecode.c.objc; path = SPItemQuality.m; sourceTree = "<group>"; };
		2D3CAC9B1D33C747001932E4 /* SPWorkshopVC.h */ = {isa = PBXFileReference; fileEncoding = 4; lastKnownFileType = sourcecode.c.h; path = SPWorkshopVC.h; sourceTree = "<group>"; };
		2D3CAC9C1D33C747001932E4 /* SPWorkshopVC.m */ = {isa = PBXFileReference; fileEncoding = 4; lastKnownFileType = sourcecode.c.objc; path = SPWorkshopVC.m; sourceTree = "<group>"; };
		2D48D2931CDE20D600190F0C /* DOTA2ShiPing.app */ = {isa = PBXFileReference; explicitFileType = wrapper.application; includeInIndex = 0; path = DOTA2ShiPing.app; sourceTree = BUILT_PRODUCTS_DIR; };
		2D48D2971CDE20D700190F0C /* main.m */ = {isa = PBXFileReference; lastKnownFileType = sourcecode.c.objc; path = main.m; sourceTree = "<group>"; };
		2D48D2991CDE20D700190F0C /* AppDelegate.h */ = {isa = PBXFileReference; lastKnownFileType = sourcecode.c.h; path = AppDelegate.h; sourceTree = "<group>"; };
		2D48D29A1CDE20D700190F0C /* AppDelegate.m */ = {isa = PBXFileReference; lastKnownFileType = sourcecode.c.objc; path = AppDelegate.m; sourceTree = "<group>"; };
		2D48D2A51CDE20D700190F0C /* Assets.xcassets */ = {isa = PBXFileReference; lastKnownFileType = folder.assetcatalog; path = Assets.xcassets; sourceTree = "<group>"; };
		2D48D2A81CDE20D700190F0C /* Base */ = {isa = PBXFileReference; lastKnownFileType = file.storyboard; name = Base; path = Base.lproj/LaunchScreen.storyboard; sourceTree = "<group>"; };
		2D48D2AA1CDE20D700190F0C /* Info.plist */ = {isa = PBXFileReference; lastKnownFileType = text.plist.xml; path = Info.plist; sourceTree = "<group>"; };
		2D48D2C51CDE21F400190F0C /* SPMain.storyboard */ = {isa = PBXFileReference; fileEncoding = 4; lastKnownFileType = file.storyboard; path = SPMain.storyboard; sourceTree = "<group>"; };
		2D48D2C71CDE22B800190F0C /* DDMainTBC.h */ = {isa = PBXFileReference; fileEncoding = 4; lastKnownFileType = sourcecode.c.h; path = DDMainTBC.h; sourceTree = "<group>"; };
		2D48D2C81CDE22B800190F0C /* DDMainTBC.m */ = {isa = PBXFileReference; fileEncoding = 4; lastKnownFileType = sourcecode.c.objc; path = DDMainTBC.m; sourceTree = "<group>"; };
		2D494BB41CE0BE9700491A20 /* SPItemFilter.h */ = {isa = PBXFileReference; fileEncoding = 4; lastKnownFileType = sourcecode.c.h; path = SPItemFilter.h; sourceTree = "<group>"; };
		2D494BB51CE0BE9700491A20 /* SPItemFilter.m */ = {isa = PBXFileReference; fileEncoding = 4; lastKnownFileType = sourcecode.c.objc; path = SPItemFilter.m; sourceTree = "<group>"; };
		2D494BB71CE0BF5D00491A20 /* SPItemRarity.h */ = {isa = PBXFileReference; fileEncoding = 4; lastKnownFileType = sourcecode.c.h; path = SPItemRarity.h; sourceTree = "<group>"; };
		2D494BB81CE0BF5D00491A20 /* SPItemRarity.m */ = {isa = PBXFileReference; fileEncoding = 4; lastKnownFileType = sourcecode.c.objc; path = SPItemRarity.m; sourceTree = "<group>"; };
		2D494BBA1CE0C15100491A20 /* SPItem.h */ = {isa = PBXFileReference; fileEncoding = 4; lastKnownFileType = sourcecode.c.h; path = SPItem.h; sourceTree = "<group>"; };
		2D494BBB1CE0C15100491A20 /* SPItem.m */ = {isa = PBXFileReference; fileEncoding = 4; lastKnownFileType = sourcecode.c.objc; path = SPItem.m; sourceTree = "<group>"; };
		2D494BC01CE0D28B00491A20 /* DDProgressHUD.h */ = {isa = PBXFileReference; fileEncoding = 4; lastKnownFileType = sourcecode.c.h; path = DDProgressHUD.h; sourceTree = "<group>"; };
		2D494BC11CE0D28B00491A20 /* DDProgressHUD.m */ = {isa = PBXFileReference; fileEncoding = 4; lastKnownFileType = sourcecode.c.objc; path = DDProgressHUD.m; sourceTree = "<group>"; };
		2D494BC31CE0D51800491A20 /* SPItemPrefab.h */ = {isa = PBXFileReference; fileEncoding = 4; lastKnownFileType = sourcecode.c.h; path = SPItemPrefab.h; sourceTree = "<group>"; };
		2D494BC41CE0D51800491A20 /* SPItemPrefab.m */ = {isa = PBXFileReference; fileEncoding = 4; lastKnownFileType = sourcecode.c.objc; path = SPItemPrefab.m; sourceTree = "<group>"; };
		2D57A2FD1D28F37B00D36150 /* SPSearchPlayerItemsVC.h */ = {isa = PBXFileReference; fileEncoding = 4; lastKnownFileType = sourcecode.c.h; path = SPSearchPlayerItemsVC.h; sourceTree = "<group>"; };
		2D57A2FE1D28F37B00D36150 /* SPSearchPlayerItemsVC.m */ = {isa = PBXFileReference; fileEncoding = 4; lastKnownFileType = sourcecode.c.objc; path = SPSearchPlayerItemsVC.m; sourceTree = "<group>"; };
		2D57A3001D29028300D36150 /* SPPlayerDetailInfoVC.h */ = {isa = PBXFileReference; fileEncoding = 4; lastKnownFileType = sourcecode.c.h; path = SPPlayerDetailInfoVC.h; sourceTree = "<group>"; };
		2D57A3011D29028300D36150 /* SPPlayerDetailInfoVC.m */ = {isa = PBXFileReference; fileEncoding = 4; lastKnownFileType = sourcecode.c.objc; path = SPPlayerDetailInfoVC.m; sourceTree = "<group>"; };
		2D6AACA81CE738B200A7D610 /* SPItem+Cache.h */ = {isa = PBXFileReference; fileEncoding = 4; lastKnownFileType = sourcecode.c.h; path = "SPItem+Cache.h"; sourceTree = "<group>"; };
		2D6AACA91CE738B200A7D610 /* SPItem+Cache.m */ = {isa = PBXFileReference; fileEncoding = 4; lastKnownFileType = sourcecode.c.objc; path = "SPItem+Cache.m"; sourceTree = "<group>"; };
		2D6AACAB1CE740DD00A7D610 /* SPConstant.h */ = {isa = PBXFileReference; lastKnownFileType = sourcecode.c.h; path = SPConstant.h; sourceTree = "<group>"; };
		2D6AACAC1CE76F3300A7D610 /* SPItemSets.h */ = {isa = PBXFileReference; fileEncoding = 4; lastKnownFileType = sourcecode.c.h; path = SPItemSets.h; sourceTree = "<group>"; };
		2D6AACAD1CE76F3300A7D610 /* SPItemSets.m */ = {isa = PBXFileReference; fileEncoding = 4; lastKnownFileType = sourcecode.c.objc; path = SPItemSets.m; sourceTree = "<group>"; };
		2D6E24361D3020EA00995045 /* SPLeftAlignmentLayout.h */ = {isa = PBXFileReference; fileEncoding = 4; lastKnownFileType = sourcecode.c.h; path = SPLeftAlignmentLayout.h; sourceTree = "<group>"; };
		2D6E24371D3020EA00995045 /* SPLeftAlignmentLayout.m */ = {isa = PBXFileReference; fileEncoding = 4; lastKnownFileType = sourcecode.c.objc; path = SPLeftAlignmentLayout.m; sourceTree = "<group>"; };
		2D86C0F01CF99DB0008E1C5D /* item.db */ = {isa = PBXFileReference; lastKnownFileType = file; path = item.db; sourceTree = "<group>"; };
		2D86C0F21CF9CA13008E1C5D /* SPSearchBar.h */ = {isa = PBXFileReference; fileEncoding = 4; lastKnownFileType = sourcecode.c.h; path = SPSearchBar.h; sourceTree = "<group>"; };
		2D86C0F31CF9CA13008E1C5D /* SPSearchBar.m */ = {isa = PBXFileReference; fileEncoding = 4; lastKnownFileType = sourcecode.c.objc; path = SPSearchBar.m; sourceTree = "<group>"; };
		2D86C0F51CFAA0D9008E1C5D /* SPSearchEngine.h */ = {isa = PBXFileReference; fileEncoding = 4; lastKnownFileType = sourcecode.c.h; path = SPSearchEngine.h; sourceTree = "<group>"; };
		2D86C0F61CFAA0D9008E1C5D /* SPSearchEngine.m */ = {isa = PBXFileReference; fileEncoding = 4; lastKnownFileType = sourcecode.c.objc; path = SPSearchEngine.m; sourceTree = "<group>"; };
		2D86C0F81CFAEECA008E1C5D /* SPBaseViewController.h */ = {isa = PBXFileReference; fileEncoding = 4; lastKnownFileType = sourcecode.c.h; path = SPBaseViewController.h; sourceTree = "<group>"; };
		2D86C0F91CFAEECA008E1C5D /* SPBaseViewController.m */ = {isa = PBXFileReference; fileEncoding = 4; lastKnownFileType = sourcecode.c.objc; path = SPBaseViewController.m; sourceTree = "<group>"; };
		2D86C0FB1CFAF52D008E1C5D /* SPSearchCommon.h */ = {isa = PBXFileReference; lastKnownFileType = sourcecode.c.h; path = SPSearchCommon.h; sourceTree = "<group>"; };
		2D86C0FD1CFAF8B2008E1C5D /* SPMaxPlusAPI.h */ = {isa = PBXFileReference; fileEncoding = 4; lastKnownFileType = sourcecode.c.h; path = SPMaxPlusAPI.h; sourceTree = "<group>"; };
		2D86C0FE1CFAF8B2008E1C5D /* SPMaxPlusAPI.m */ = {isa = PBXFileReference; fileEncoding = 4; lastKnownFileType = sourcecode.c.objc; path = SPMaxPlusAPI.m; sourceTree = "<group>"; };
		2D86C1021CFB00E3008E1C5D /* SPPlayer.h */ = {isa = PBXFileReference; fileEncoding = 4; lastKnownFileType = sourcecode.c.h; path = SPPlayer.h; sourceTree = "<group>"; };
		2D86C1031CFB00E3008E1C5D /* SPPlayer.m */ = {isa = PBXFileReference; fileEncoding = 4; lastKnownFileType = sourcecode.c.objc; path = SPPlayer.m; sourceTree = "<group>"; };
		2D86C1081CFB0F30008E1C5D /* SPPlayerListVC.h */ = {isa = PBXFileReference; fileEncoding = 4; lastKnownFileType = sourcecode.c.h; path = SPPlayerListVC.h; sourceTree = "<group>"; };
		2D86C1091CFB0F30008E1C5D /* SPPlayerListVC.m */ = {isa = PBXFileReference; fileEncoding = 4; lastKnownFileType = sourcecode.c.objc; path = SPPlayerListVC.m; sourceTree = "<group>"; };
		2D86C10B1CFB13C7008E1C5D /* SPSearchCell.h */ = {isa = PBXFileReference; fileEncoding = 4; lastKnownFileType = sourcecode.c.h; path = SPSearchCell.h; sourceTree = "<group>"; };
		2D86C10C1CFB13C7008E1C5D /* SPSearchCell.m */ = {isa = PBXFileReference; fileEncoding = 4; lastKnownFileType = sourcecode.c.objc; path = SPSearchCell.m; sourceTree = "<group>"; };
		2D86C10E1CFB1EBE008E1C5D /* SPPlayerManager.h */ = {isa = PBXFileReference; fileEncoding = 4; lastKnownFileType = sourcecode.c.h; path = SPPlayerManager.h; sourceTree = "<group>"; };
		2D86C10F1CFB1EBE008E1C5D /* SPPlayerManager.m */ = {isa = PBXFileReference; fileEncoding = 4; lastKnownFileType = sourcecode.c.objc; path = SPPlayerManager.m; sourceTree = "<group>"; };
		2D925F971D28C05100CF70BE /* SPPlayerCell.h */ = {isa = PBXFileReference; fileEncoding = 4; lastKnownFileType = sourcecode.c.h; path = SPPlayerCell.h; sourceTree = "<group>"; };
		2D925F981D28C05100CF70BE /* SPPlayerCell.m */ = {isa = PBXFileReference; fileEncoding = 4; lastKnownFileType = sourcecode.c.objc; path = SPPlayerCell.m; sourceTree = "<group>"; };
		2D9C8B6C1D154EBC00F217AE /* LCActionSheet.bundle */ = {isa = PBXFileReference; lastKnownFileType = "wrapper.plug-in"; path = LCActionSheet.bundle; sourceTree = "<group>"; };
		2D9C8B6D1D154EBC00F217AE /* LCActionSheet.h */ = {isa = PBXFileReference; fileEncoding = 4; lastKnownFileType = sourcecode.c.h; path = LCActionSheet.h; sourceTree = "<group>"; };
		2D9C8B6E1D154EBC00F217AE /* LCActionSheet.m */ = {isa = PBXFileReference; fileEncoding = 4; lastKnownFileType = sourcecode.c.objc; path = LCActionSheet.m; sourceTree = "<group>"; };
		2DA4523D1CE0DDF6004BD185 /* SPItemListContainer.h */ = {isa = PBXFileReference; fileEncoding = 4; lastKnownFileType = sourcecode.c.h; path = SPItemListContainer.h; sourceTree = "<group>"; };
		2DA4523E1CE0DDF6004BD185 /* SPItemListContainer.m */ = {isa = PBXFileReference; fileEncoding = 4; lastKnownFileType = sourcecode.c.objc; path = SPItemListContainer.m; sourceTree = "<group>"; };
		2DA452401CE0E0E1004BD185 /* SPItemCell.h */ = {isa = PBXFileReference; fileEncoding = 4; lastKnownFileType = sourcecode.c.h; path = SPItemCell.h; sourceTree = "<group>"; };
		2DA452411CE0E0E1004BD185 /* SPItemCell.m */ = {isa = PBXFileReference; fileEncoding = 4; lastKnownFileType = sourcecode.c.objc; path = SPItemCell.m; sourceTree = "<group>"; };
		2DA452431CE0ED35004BD185 /* SPItemColor.h */ = {isa = PBXFileReference; fileEncoding = 4; lastKnownFileType = sourcecode.c.h; path = SPItemColor.h; sourceTree = "<group>"; };
		2DA452441CE0ED35004BD185 /* SPItemColor.m */ = {isa = PBXFileReference; fileEncoding = 4; lastKnownFileType = sourcecode.c.objc; path = SPItemColor.m; sourceTree = "<group>"; };
		2DA452501CE0FF4C004BD185 /* SPLogoHeader.h */ = {isa = PBXFileReference; fileEncoding = 4; lastKnownFileType = sourcecode.c.h; path = SPLogoHeader.h; sourceTree = "<group>"; };
		2DA452511CE0FF4C004BD185 /* SPLogoHeader.m */ = {isa = PBXFileReference; fileEncoding = 4; lastKnownFileType = sourcecode.c.objc; path = SPLogoHeader.m; sourceTree = "<group>"; };
		2DB174841D14FBDE0042417D /* SPDotabuffAPI.h */ = {isa = PBXFileReference; fileEncoding = 4; lastKnownFileType = sourcecode.c.h; path = SPDotabuffAPI.h; sourceTree = "<group>"; };
		2DB174851D14FBDE0042417D /* SPDotabuffAPI.m */ = {isa = PBXFileReference; fileEncoding = 4; lastKnownFileType = sourcecode.c.objc; path = SPDotabuffAPI.m; sourceTree = "<group>"; };
		2DB174871D14FBE70042417D /* SPSteamAPI.h */ = {isa = PBXFileReference; fileEncoding = 4; lastKnownFileType = sourcecode.c.h; path = SPSteamAPI.h; sourceTree = "<group>"; };
		2DB174881D14FBE70042417D /* SPSteamAPI.m */ = {isa = PBXFileReference; fileEncoding = 4; lastKnownFileType = sourcecode.c.objc; path = SPSteamAPI.m; sourceTree = "<group>"; };
		2DF28B791D30B1A6003762DA /* SPPlayerAliasesVC.h */ = {isa = PBXFileReference; fileEncoding = 4; lastKnownFileType = sourcecode.c.h; path = SPPlayerAliasesVC.h; sourceTree = "<group>"; };
		2DF28B7A1D30B1A6003762DA /* SPPlayerAliasesVC.m */ = {isa = PBXFileReference; fileEncoding = 4; lastKnownFileType = sourcecode.c.objc; path = SPPlayerAliasesVC.m; sourceTree = "<group>"; };
		2DF28B7C1D30B4E3003762DA /* SPPlayer+More.h */ = {isa = PBXFileReference; fileEncoding = 4; lastKnownFileType = sourcecode.c.h; path = "SPPlayer+More.h"; sourceTree = "<group>"; };
		2DF28B7D1D30B4E3003762DA /* SPPlayer+More.m */ = {isa = PBXFileReference; fileEncoding = 4; lastKnownFileType = sourcecode.c.objc; path = "SPPlayer+More.m"; sourceTree = "<group>"; };
		2DF28B821D30DF46003762DA /* SPPlayerInventoryVC.h */ = {isa = PBXFileReference; fileEncoding = 4; lastKnownFileType = sourcecode.c.h; path = SPPlayerInventoryVC.h; sourceTree = "<group>"; };
		2DF28B831D30DF46003762DA /* SPPlayerInventoryVC.m */ = {isa = PBXFileReference; fileEncoding = 4; lastKnownFileType = sourcecode.c.objc; path = SPPlayerInventoryVC.m; sourceTree = "<group>"; };
		2DF28B851D30E9AF003762DA /* SPInventoryCategoryPickerVC.h */ = {isa = PBXFileReference; fileEncoding = 4; lastKnownFileType = sourcecode.c.h; path = SPInventoryCategoryPickerVC.h; sourceTree = "<group>"; };
		2DF28B861D30E9AF003762DA /* SPInventoryCategoryPickerVC.m */ = {isa = PBXFileReference; fileEncoding = 4; lastKnownFileType = sourcecode.c.objc; path = SPInventoryCategoryPickerVC.m; sourceTree = "<group>"; };
		2DF28B881D30FE95003762DA /* SPInventoryFilter.h */ = {isa = PBXFileReference; fileEncoding = 4; lastKnownFileType = sourcecode.c.h; path = SPInventoryFilter.h; sourceTree = "<group>"; };
		2DF28B891D30FE95003762DA /* SPInventoryFilter.m */ = {isa = PBXFileReference; fileEncoding = 4; lastKnownFileType = sourcecode.c.objc; path = SPInventoryFilter.m; sourceTree = "<group>"; };
		2DF28B8C1D312B95003762DA /* UIView+More.h */ = {isa = PBXFileReference; fileEncoding = 4; lastKnownFileType = sourcecode.c.h; path = "UIView+More.h"; sourceTree = "<group>"; };
		2DF28B8D1D312B95003762DA /* UIView+More.m */ = {isa = PBXFileReference; fileEncoding = 4; lastKnownFileType = sourcecode.c.objc; path = "UIView+More.m"; sourceTree = "<group>"; };
		44399A091D34919C006F0F16 /* SPPlayerInventorySearchFilterVC.h */ = {isa = PBXFileReference; fileEncoding = 4; lastKnownFileType = sourcecode.c.h; path = SPPlayerInventorySearchFilterVC.h; sourceTree = "<group>"; };
		44399A0A1D34919C006F0F16 /* SPPlayerInventorySearchFilterVC.m */ = {isa = PBXFileReference; fileEncoding = 4; lastKnownFileType = sourcecode.c.objc; path = SPPlayerInventorySearchFilterVC.m; sourceTree = "<group>"; };
		44399A0C1D3494D0006F0F16 /* SPInventoryConditionCell.h */ = {isa = PBXFileReference; fileEncoding = 4; lastKnownFileType = sourcecode.c.h; path = SPInventoryConditionCell.h; sourceTree = "<group>"; };
		44399A0D1D3494D0006F0F16 /* SPInventoryConditionCell.m */ = {isa = PBXFileReference; fileEncoding = 4; lastKnownFileType = sourcecode.c.objc; path = SPInventoryConditionCell.m; sourceTree = "<group>"; };
		44C71D9F1D3360DD00D2E06F /* SPInventorySegmentPickerVC.h */ = {isa = PBXFileReference; fileEncoding = 4; lastKnownFileType = sourcecode.c.h; path = SPInventorySegmentPickerVC.h; sourceTree = "<group>"; };
		44C71DA01D3360DD00D2E06F /* SPInventorySegmentPickerVC.m */ = {isa = PBXFileReference; fileEncoding = 4; lastKnownFileType = sourcecode.c.objc; path = SPInventorySegmentPickerVC.m; sourceTree = "<group>"; };
		939CCEAA439897D1DEE60C3E /* libPods-DOTA2ShiPing.a */ = {isa = PBXFileReference; explicitFileType = archive.ar; includeInIndex = 0; path = "libPods-DOTA2ShiPing.a"; sourceTree = BUILT_PRODUCTS_DIR; };
/* End PBXFileReference section */

/* Begin PBXFrameworksBuildPhase section */
		2D48D2901CDE20D600190F0C /* Frameworks */ = {
			isa = PBXFrameworksBuildPhase;
			buildActionMask = 2147483647;
			files = (
				2D0A82991CDF329A00F26BD1 /* CoreGraphics.framework in Frameworks */,
				2D0A82971CDF328E00F26BD1 /* SystemConfiguration.framework in Frameworks */,
				2D0A82951CDF328900F26BD1 /* CoreTelephony.framework in Frameworks */,
				2D0A82931CDF327F00F26BD1 /* CoreLocation.framework in Frameworks */,
				2D0A82911CDF327900F26BD1 /* MessageUI.framework in Frameworks */,
				2D0A828F1CDF327200F26BD1 /* AVFoundation.framework in Frameworks */,
				2D0A828D1CDF326900F26BD1 /* MediaPlayer.framework in Frameworks */,
				2D0A828B1CDF326200F26BD1 /* CoreMotion.framework in Frameworks */,
				2D0A82891CDF325D00F26BD1 /* AudioToolbox.framework in Frameworks */,
				2D0A82871CDF325700F26BD1 /* libz.tbd in Frameworks */,
				2D0A82851CDF324F00F26BD1 /* StoreKit.framework in Frameworks */,
				2D0A82831CDF324900F26BD1 /* AdSupport.framework in Frameworks */,
				2D0A82811CDF324500F26BD1 /* Security.framework in Frameworks */,
				2D0A827F1CDF324000F26BD1 /* QuartzCore.framework in Frameworks */,
				2D0A827D1CDF323A00F26BD1 /* CoreMedia.framework in Frameworks */,
				2D0A82521CDE4D5F00F26BD1 /* WebKit.framework in Frameworks */,
				2D0A827B1CDF303500F26BD1 /* libBaiduMobAdSdk64bit.a in Frameworks */,
				1929949B4AC914B44D61F796 /* libPods-DOTA2ShiPing.a in Frameworks */,
			);
			runOnlyForDeploymentPostprocessing = 0;
		};
/* End PBXFrameworksBuildPhase section */

/* Begin PBXGroup section */
		2D0A82361CDE2DC400F26BD1 /* Cell */ = {
			isa = PBXGroup;
			children = (
				2D0A82451CDE32F500F26BD1 /* SPItemEntranceCell.h */,
				2D0A82461CDE32F500F26BD1 /* SPItemEntranceCell.m */,
				2D0A825D1CDEEDD000F26BD1 /* SPHeroCell.h */,
				2D0A825E1CDEEDD000F26BD1 /* SPHeroCell.m */,
				2DA452401CE0E0E1004BD185 /* SPItemCell.h */,
				2DA452411CE0E0E1004BD185 /* SPItemCell.m */,
			);
			path = Cell;
			sourceTree = "<group>";
		};
		2D0A82371CDE2DC400F26BD1 /* Common */ = {
			isa = PBXGroup;
			children = (
				2D0A823D1CDE2E8C00F26BD1 /* SPItemCommon.h */,
				2D0A823E1CDE2FE300F26BD1 /* SPItemEntranceConfigure */,
				2D494BB41CE0BE9700491A20 /* SPItemFilter.h */,
				2D494BB51CE0BE9700491A20 /* SPItemFilter.m */,
			);
			path = Common;
			sourceTree = "<group>";
		};
		2D0A82381CDE2DC400F26BD1 /* Ctrls */ = {
			isa = PBXGroup;
			children = (
				2D0A823A1CDE2E1A00F26BD1 /* SPItemEntranceVC.h */,
				2D0A823B1CDE2E1A00F26BD1 /* SPItemEntranceVC.m */,
				2D0A824E1CDE4CAB00F26BD1 /* SPItemOffPriceVC.h */,
				2D0A824F1CDE4CAB00F26BD1 /* SPItemOffPriceVC.m */,
				2D0A82561CDED9B700F26BD1 /* SPItemHeroPickerVC.h */,
				2D0A82571CDED9B700F26BD1 /* SPItemHeroPickerVC.m */,
				2D0A826B1CDF1EF300F26BD1 /* SPItemListVC.h */,
				2D0A826C1CDF1EF300F26BD1 /* SPItemListVC.m */,
				2DA4523D1CE0DDF6004BD185 /* SPItemListContainer.h */,
				2DA4523E1CE0DDF6004BD185 /* SPItemListContainer.m */,
			);
			path = Ctrls;
			sourceTree = "<group>";
		};
		2D0A82391CDE2DC400F26BD1 /* Views */ = {
			isa = PBXGroup;
			children = (
			);
			path = Views;
			sourceTree = "<group>";
		};
		2D0A82401CDE30F300F26BD1 /* Model */ = {
			isa = PBXGroup;
			children = (
				2D0A82411CDE312500F26BD1 /* SPItemEntranceConfig.h */,
				2D0A82421CDE312500F26BD1 /* SPItemEntranceConfig.m */,
			);
			path = Model;
			sourceTree = "<group>";
		};
		2D0A82481CDE362E00F26BD1 /* UIImage */ = {
			isa = PBXGroup;
			children = (
				2D0A82491CDE362E00F26BD1 /* UIImage+ImageEffects.h */,
				2D0A824A1CDE362E00F26BD1 /* UIImage+ImageEffects.m */,
			);
			path = UIImage;
			sourceTree = "<group>";
		};
		2D0A82591CDEE6F800F26BD1 /* Storyboard */ = {
			isa = PBXGroup;
			children = (
				2D0A825A1CDEE6F800F26BD1 /* UIViewController+Storyboard.h */,
				2D0A825B1CDEE6F800F26BD1 /* UIViewController+Storyboard.m */,
			);
			path = Storyboard;
			sourceTree = "<group>";
		};
		2D0A826E1CDF303500F26BD1 /* BaiduAD */ = {
			isa = PBXGroup;
			children = (
				2D0A826F1CDF303500F26BD1 /* BaiduMobAdCommonConfig.h */,
				2D0A82701CDF303500F26BD1 /* BaiduMobAdDelegateProtocol.h */,
				2D0A82711CDF303500F26BD1 /* BaiduMobAdInterstitial.h */,
				2D0A82721CDF303500F26BD1 /* BaiduMobAdInterstitialDelegate.h */,
				2D0A82731CDF303500F26BD1 /* baidumobadsdk.bundle */,
				2D0A82741CDF303500F26BD1 /* BaiduMobAdSplash.h */,
				2D0A82751CDF303500F26BD1 /* BaiduMobAdSplashDelegate.h */,
				2D0A82761CDF303500F26BD1 /* BaiduMobAdVideoDelegate.h */,
				2D0A82771CDF303500F26BD1 /* BaiduMobAdVideoView.h */,
				2D0A82781CDF303500F26BD1 /* BaiduMobAdView.h */,
				2D0A82791CDF303500F26BD1 /* libBaiduMobAdSdk64bit.a */,
			);
			path = BaiduAD;
			sourceTree = "<group>";
		};
		2D0A82A31CDF4AAA00F26BD1 /* Segment */ = {
			isa = PBXGroup;
			children = (
				2D0A82A41CDF4AAA00F26BD1 /* DDSegmentScrollView.h */,
				2D0A82A51CDF4AAA00F26BD1 /* DDSegmentScrollView.m */,
			);
			path = Segment;
			sourceTree = "<group>";
		};
		2D0FB49E1CEB10B0004A300D /* Search */ = {
			isa = PBXGroup;
			children = (
				2D0FB4A01CEB10D8004A300D /* Ctrls */,
				2D0FB49F1CEB10D8004A300D /* Common */,
				2D0FB4A11CEB10D8004A300D /* View */,
			);
			path = Search;
			sourceTree = "<group>";
		};
		2D0FB49F1CEB10D8004A300D /* Common */ = {
			isa = PBXGroup;
			children = (
				2D86C0FB1CFAF52D008E1C5D /* SPSearchCommon.h */,
				2D86C0F51CFAA0D9008E1C5D /* SPSearchEngine.h */,
				2D86C0F61CFAA0D9008E1C5D /* SPSearchEngine.m */,
			);
			path = Common;
			sourceTree = "<group>";
		};
		2D0FB4A01CEB10D8004A300D /* Ctrls */ = {
			isa = PBXGroup;
			children = (
				2D0FB4A21CEB10F1004A300D /* SPSearchVC.h */,
				2D0FB4A31CEB10F1004A300D /* SPSearchVC.m */,
			);
			path = Ctrls;
			sourceTree = "<group>";
		};
		2D0FB4A11CEB10D8004A300D /* View */ = {
			isa = PBXGroup;
			children = (
				2D86C0F21CF9CA13008E1C5D /* SPSearchBar.h */,
				2D86C0F31CF9CA13008E1C5D /* SPSearchBar.m */,
				2D86C10B1CFB13C7008E1C5D /* SPSearchCell.h */,
				2D86C10C1CFB13C7008E1C5D /* SPSearchCell.m */,
			);
			path = View;
			sourceTree = "<group>";
		};
		2D3CAC971D33C721001932E4 /* Common */ = {
			isa = PBXGroup;
			children = (
			);
			path = Common;
			sourceTree = "<group>";
		};
		2D3CAC981D33C721001932E4 /* Ctrls */ = {
			isa = PBXGroup;
			children = (
				2D3CAC9B1D33C747001932E4 /* SPWorkshopVC.h */,
				2D3CAC9C1D33C747001932E4 /* SPWorkshopVC.m */,
			);
			path = Ctrls;
			sourceTree = "<group>";
		};
		2D3CAC991D33C721001932E4 /* Model */ = {
			isa = PBXGroup;
			children = (
			);
			path = Model;
			sourceTree = "<group>";
		};
		2D3CAC9A1D33C721001932E4 /* View */ = {
			isa = PBXGroup;
			children = (
			);
			path = View;
			sourceTree = "<group>";
		};
		2D48D28A1CDE20D600190F0C = {
			isa = PBXGroup;
			children = (
				2D48D2951CDE20D700190F0C /* DOTA2ShiPing */,
				2D48D2941CDE20D600190F0C /* Products */,
				9DF9275624812581C6DA2B9C /* Frameworks */,
				CE026F83ABCB211C54F97F7D /* Pods */,
			);
			sourceTree = "<group>";
		};
		2D48D2941CDE20D600190F0C /* Products */ = {
			isa = PBXGroup;
			children = (
				2D48D2931CDE20D600190F0C /* DOTA2ShiPing.app */,
			);
			name = Products;
			sourceTree = "<group>";
		};
		2D48D2951CDE20D700190F0C /* DOTA2ShiPing */ = {
			isa = PBXGroup;
			children = (
				2D86C0F01CF99DB0008E1C5D /* item.db */,
				2D0A82661CDEEEE500F26BD1 /* data.json */,
				2D48D2B01CDE21A500190F0C /* 3rd */,
				2D48D2C11CDE21A500190F0C /* Utils */,
				2D48D2B71CDE21A500190F0C /* Common */,
				2D48D2B81CDE21A500190F0C /* Model */,
				2D48D2B91CDE21A500190F0C /* Module */,
				2D48D2991CDE20D700190F0C /* AppDelegate.h */,
				2D48D29A1CDE20D700190F0C /* AppDelegate.m */,
				2D48D2A51CDE20D700190F0C /* Assets.xcassets */,
				2D48D2A71CDE20D700190F0C /* LaunchScreen.storyboard */,
				2D48D2AA1CDE20D700190F0C /* Info.plist */,
				2D48D2961CDE20D700190F0C /* Supporting Files */,
			);
			path = DOTA2ShiPing;
			sourceTree = "<group>";
		};
		2D48D2961CDE20D700190F0C /* Supporting Files */ = {
			isa = PBXGroup;
			children = (
				2D48D2971CDE20D700190F0C /* main.m */,
			);
			name = "Supporting Files";
			sourceTree = "<group>";
		};
		2D48D2B01CDE21A500190F0C /* 3rd */ = {
			isa = PBXGroup;
			children = (
				2D9C8B6B1D154EBC00F217AE /* LCActionSheet */,
				2D0A826E1CDF303500F26BD1 /* BaiduAD */,
			);
			path = 3rd;
			sourceTree = "<group>";
		};
		2D48D2B71CDE21A500190F0C /* Common */ = {
			isa = PBXGroup;
			children = (
				2D0A82441CDE31BE00F26BD1 /* SPMacro.h */,
				2D6AACAB1CE740DD00A7D610 /* SPConstant.h */,
			);
			path = Common;
			sourceTree = "<group>";
		};
		2D48D2B81CDE21A500190F0C /* Model */ = {
			isa = PBXGroup;
			children = (
				2D86C1011CFB00CF008E1C5D /* MAXUser */,
				2D6AACAC1CE76F3300A7D610 /* SPItemSets.h */,
				2D6AACAD1CE76F3300A7D610 /* SPItemSets.m */,
				2DA452431CE0ED35004BD185 /* SPItemColor.h */,
				2DA452441CE0ED35004BD185 /* SPItemColor.m */,
				2D494BC31CE0D51800491A20 /* SPItemPrefab.h */,
				2D494BC41CE0D51800491A20 /* SPItemPrefab.m */,
				2D494BBA1CE0C15100491A20 /* SPItem.h */,
				2D494BBB1CE0C15100491A20 /* SPItem.m */,
				2D6AACA81CE738B200A7D610 /* SPItem+Cache.h */,
				2D6AACA91CE738B200A7D610 /* SPItem+Cache.m */,
				2D0A82631CDEEEA600F26BD1 /* SPItemSlot.h */,
				2D0A82641CDEEEA600F26BD1 /* SPItemSlot.m */,
				2D494BB71CE0BF5D00491A20 /* SPItemRarity.h */,
				2D494BB81CE0BF5D00491A20 /* SPItemRarity.m */,
				2D3CAC941D32A130001932E4 /* SPItemQuality.h */,
				2D3CAC951D32A130001932E4 /* SPItemQuality.m */,
				2D0A82601CDEEE8500F26BD1 /* SPHero.h */,
				2D0A82611CDEEE8500F26BD1 /* SPHero.m */,
				2D0A82681CDEEF1400F26BD1 /* SPDataManager.h */,
				2D0A82691CDEEF1400F26BD1 /* SPDataManager.m */,
				2D1CA5A61D15705400B169E0 /* SPPlayerItems.h */,
				2D1CA5A71D15705400B169E0 /* SPPlayerItems.m */,
			);
			path = Model;
			sourceTree = "<group>";
		};
		2D48D2B91CDE21A500190F0C /* Module */ = {
			isa = PBXGroup;
			children = (
				2D48D2C51CDE21F400190F0C /* SPMain.storyboard */,
				2D48D2BA1CDE21A500190F0C /* Item */,
				2D0FB49E1CEB10B0004A300D /* Search */,
				2D48D2BB1CDE21A500190F0C /* Main */,
				2D48D2BE1CDE21A500190F0C /* Player */,
				2D48D2C01CDE21A500190F0C /* Workshop */,
				2D48D2BF1CDE21A500190F0C /* Setting */,
			);
			path = Module;
			sourceTree = "<group>";
		};
		2D48D2BA1CDE21A500190F0C /* Item */ = {
			isa = PBXGroup;
			children = (
				2D0A82381CDE2DC400F26BD1 /* Ctrls */,
				2D0A82361CDE2DC400F26BD1 /* Cell */,
				2D0A82371CDE2DC400F26BD1 /* Common */,
				2D0A82391CDE2DC400F26BD1 /* Views */,
				2D0A82401CDE30F300F26BD1 /* Model */,
			);
			path = Item;
			sourceTree = "<group>";
		};
		2D48D2BB1CDE21A500190F0C /* Main */ = {
			isa = PBXGroup;
			children = (
				2D48D2BC1CDE21A500190F0C /* Ctrls */,
				2D48D2BD1CDE21A500190F0C /* Views */,
			);
			path = Main;
			sourceTree = "<group>";
		};
		2D48D2BC1CDE21A500190F0C /* Ctrls */ = {
			isa = PBXGroup;
			children = (
				2D0A829A1CDF32EC00F26BD1 /* DDMainADVC.h */,
				2D0A829B1CDF32EC00F26BD1 /* DDMainADVC.m */,
				2D0A82A01CDF3A7700F26BD1 /* SPLaunchADVC.h */,
				2D0A82A11CDF3A7700F26BD1 /* SPLaunchADVC.m */,
				2D48D2C71CDE22B800190F0C /* DDMainTBC.h */,
				2D48D2C81CDE22B800190F0C /* DDMainTBC.m */,
			);
			path = Ctrls;
			sourceTree = "<group>";
		};
		2D48D2BD1CDE21A500190F0C /* Views */ = {
			isa = PBXGroup;
			children = (
			);
			path = Views;
			sourceTree = "<group>";
		};
		2D48D2BE1CDE21A500190F0C /* Player */ = {
			isa = PBXGroup;
			children = (
				2D9C8B741D1553A300F217AE /* Model */,
				2D86C1061CFB0F0C008E1C5D /* Ctrls */,
				2D86C1051CFB0F0C008E1C5D /* Common */,
				2D86C1071CFB0F0C008E1C5D /* View */,
			);
			path = Player;
			sourceTree = "<group>";
		};
		2D48D2BF1CDE21A500190F0C /* Setting */ = {
			isa = PBXGroup;
			children = (
			);
			path = Setting;
			sourceTree = "<group>";
		};
		2D48D2C01CDE21A500190F0C /* Workshop */ = {
			isa = PBXGroup;
			children = (
				2D3CAC981D33C721001932E4 /* Ctrls */,
				2D3CAC971D33C721001932E4 /* Common */,
				2D3CAC991D33C721001932E4 /* Model */,
				2D3CAC9A1D33C721001932E4 /* View */,
			);
			path = Workshop;
			sourceTree = "<group>";
		};
		2D48D2C11CDE21A500190F0C /* Utils */ = {
			isa = PBXGroup;
			children = (
				2DF28B8B1D312B82003762DA /* Category */,
				2D6E24351D3020BD00995045 /* Layout */,
				2D86C1111CFB2B33008E1C5D /* ActionSheet */,
				2D86C0FC1CFAF895008E1C5D /* API */,
				2DA452531CE105D4004BD185 /* UIViewController */,
				2DA452461CE0FB6A004BD185 /* UIScrollView */,
				2D494BBF1CE0D28B00491A20 /* HUD */,
				2D0A82A31CDF4AAA00F26BD1 /* Segment */,
				2D0A82591CDEE6F800F26BD1 /* Storyboard */,
				2D0A82481CDE362E00F26BD1 /* UIImage */,
			);
			path = Utils;
			sourceTree = "<group>";
		};
		2D494BBF1CE0D28B00491A20 /* HUD */ = {
			isa = PBXGroup;
			children = (
				2D494BC01CE0D28B00491A20 /* DDProgressHUD.h */,
				2D494BC11CE0D28B00491A20 /* DDProgressHUD.m */,
			);
			path = HUD;
			sourceTree = "<group>";
		};
		2D6E24351D3020BD00995045 /* Layout */ = {
			isa = PBXGroup;
			children = (
				2D6E24361D3020EA00995045 /* SPLeftAlignmentLayout.h */,
				2D6E24371D3020EA00995045 /* SPLeftAlignmentLayout.m */,
			);
			path = Layout;
			sourceTree = "<group>";
		};
		2D86C0FC1CFAF895008E1C5D /* API */ = {
			isa = PBXGroup;
			children = (
				2D86C0FD1CFAF8B2008E1C5D /* SPMaxPlusAPI.h */,
				2D86C0FE1CFAF8B2008E1C5D /* SPMaxPlusAPI.m */,
				2DB174841D14FBDE0042417D /* SPDotabuffAPI.h */,
				2DB174851D14FBDE0042417D /* SPDotabuffAPI.m */,
				2DB174871D14FBE70042417D /* SPSteamAPI.h */,
				2DB174881D14FBE70042417D /* SPSteamAPI.m */,
			);
			path = API;
			sourceTree = "<group>";
		};
		2D86C1011CFB00CF008E1C5D /* MAXUser */ = {
			isa = PBXGroup;
			children = (
				2D86C1021CFB00E3008E1C5D /* SPPlayer.h */,
				2D86C1031CFB00E3008E1C5D /* SPPlayer.m */,
			);
			path = MAXUser;
			sourceTree = "<group>";
		};
		2D86C1051CFB0F0C008E1C5D /* Common */ = {
			isa = PBXGroup;
			children = (
				2D1CA5A21D1557CF00B169E0 /* SPPlayerCommon.h */,
				2D86C10E1CFB1EBE008E1C5D /* SPPlayerManager.h */,
				2D86C10F1CFB1EBE008E1C5D /* SPPlayerManager.m */,
				2DF28B7C1D30B4E3003762DA /* SPPlayer+More.h */,
				2DF28B7D1D30B4E3003762DA /* SPPlayer+More.m */,
				2DF28B881D30FE95003762DA /* SPInventoryFilter.h */,
				2DF28B891D30FE95003762DA /* SPInventoryFilter.m */,
			);
			path = Common;
			sourceTree = "<group>";
		};
		2D86C1061CFB0F0C008E1C5D /* Ctrls */ = {
			isa = PBXGroup;
			children = (
				2D86C1081CFB0F30008E1C5D /* SPPlayerListVC.h */,
				2D86C1091CFB0F30008E1C5D /* SPPlayerListVC.m */,
				2D57A2FD1D28F37B00D36150 /* SPSearchPlayerItemsVC.h */,
				2D57A2FE1D28F37B00D36150 /* SPSearchPlayerItemsVC.m */,
				2D57A3001D29028300D36150 /* SPPlayerDetailInfoVC.h */,
				2D57A3011D29028300D36150 /* SPPlayerDetailInfoVC.m */,
				2DF28B791D30B1A6003762DA /* SPPlayerAliasesVC.h */,
				2DF28B7A1D30B1A6003762DA /* SPPlayerAliasesVC.m */,
				2DF28B821D30DF46003762DA /* SPPlayerInventoryVC.h */,
				2DF28B831D30DF46003762DA /* SPPlayerInventoryVC.m */,
				2DF28B851D30E9AF003762DA /* SPInventoryCategoryPickerVC.h */,
				2DF28B861D30E9AF003762DA /* SPInventoryCategoryPickerVC.m */,
				44C71D9F1D3360DD00D2E06F /* SPInventorySegmentPickerVC.h */,
				44C71DA01D3360DD00D2E06F /* SPInventorySegmentPickerVC.m */,
				2D3CAC8E1D327DDA001932E4 /* SPPlayerInventoryFilterVC.h */,
				2D3CAC8F1D327DDA001932E4 /* SPPlayerInventoryFilterVC.m */,
				2D3CAC911D32870D001932E4 /* SPPlayerInventorySearchResultVC.h */,
				2D3CAC921D32870D001932E4 /* SPPlayerInventorySearchResultVC.m */,
				44399A091D34919C006F0F16 /* SPPlayerInventorySearchFilterVC.h */,
				44399A0A1D34919C006F0F16 /* SPPlayerInventorySearchFilterVC.m */,
			);
			path = Ctrls;
			sourceTree = "<group>";
		};
		2D86C1071CFB0F0C008E1C5D /* View */ = {
			isa = PBXGroup;
			children = (
				2D925F971D28C05100CF70BE /* SPPlayerCell.h */,
				2D925F981D28C05100CF70BE /* SPPlayerCell.m */,
				44399A0C1D3494D0006F0F16 /* SPInventoryConditionCell.h */,
				44399A0D1D3494D0006F0F16 /* SPInventoryConditionCell.m */,
			);
			path = View;
			sourceTree = "<group>";
		};
		2D86C1111CFB2B33008E1C5D /* ActionSheet */ = {
			isa = PBXGroup;
			children = (
			);
			path = ActionSheet;
			sourceTree = "<group>";
		};
		2D9C8B6B1D154EBC00F217AE /* LCActionSheet */ = {
			isa = PBXGroup;
			children = (
				2D9C8B6C1D154EBC00F217AE /* LCActionSheet.bundle */,
				2D9C8B6D1D154EBC00F217AE /* LCActionSheet.h */,
				2D9C8B6E1D154EBC00F217AE /* LCActionSheet.m */,
			);
			path = LCActionSheet;
			sourceTree = "<group>";
		};
		2D9C8B741D1553A300F217AE /* Model */ = {
			isa = PBXGroup;
			children = (
			);
			path = Model;
			sourceTree = "<group>";
		};
		2DA452461CE0FB6A004BD185 /* UIScrollView */ = {
			isa = PBXGroup;
			children = (
				2DA452501CE0FF4C004BD185 /* SPLogoHeader.h */,
				2DA452511CE0FF4C004BD185 /* SPLogoHeader.m */,
			);
			path = UIScrollView;
			sourceTree = "<group>";
		};
		2DA452531CE105D4004BD185 /* UIViewController */ = {
			isa = PBXGroup;
			children = (
				2D86C0F81CFAEECA008E1C5D /* SPBaseViewController.h */,
				2D86C0F91CFAEECA008E1C5D /* SPBaseViewController.m */,
			);
			path = UIViewController;
			sourceTree = "<group>";
		};
		2DF28B8B1D312B82003762DA /* Category */ = {
			isa = PBXGroup;
			children = (
				2DF28B8C1D312B95003762DA /* UIView+More.h */,
				2DF28B8D1D312B95003762DA /* UIView+More.m */,
			);
			path = Category;
			sourceTree = "<group>";
		};
		9DF9275624812581C6DA2B9C /* Frameworks */ = {
			isa = PBXGroup;
			children = (
				2D0A82981CDF329A00F26BD1 /* CoreGraphics.framework */,
				2D0A82961CDF328E00F26BD1 /* SystemConfiguration.framework */,
				2D0A82941CDF328900F26BD1 /* CoreTelephony.framework */,
				2D0A82921CDF327F00F26BD1 /* CoreLocation.framework */,
				2D0A82901CDF327900F26BD1 /* MessageUI.framework */,
				2D0A828E1CDF327200F26BD1 /* AVFoundation.framework */,
				2D0A828C1CDF326900F26BD1 /* MediaPlayer.framework */,
				2D0A828A1CDF326200F26BD1 /* CoreMotion.framework */,
				2D0A82881CDF325D00F26BD1 /* AudioToolbox.framework */,
				2D0A82861CDF325700F26BD1 /* libz.tbd */,
				2D0A82841CDF324F00F26BD1 /* StoreKit.framework */,
				2D0A82821CDF324900F26BD1 /* AdSupport.framework */,
				2D0A82801CDF324500F26BD1 /* Security.framework */,
				2D0A827E1CDF324000F26BD1 /* QuartzCore.framework */,
				2D0A827C1CDF323A00F26BD1 /* CoreMedia.framework */,
				2D0A82511CDE4D5F00F26BD1 /* WebKit.framework */,
				939CCEAA439897D1DEE60C3E /* libPods-DOTA2ShiPing.a */,
			);
			name = Frameworks;
			sourceTree = "<group>";
		};
		CE026F83ABCB211C54F97F7D /* Pods */ = {
			isa = PBXGroup;
			children = (
				112F9D57D42D37A148B12842 /* Pods-DOTA2ShiPing.debug.xcconfig */,
				23D6142664BEC9BAEB40BFC9 /* Pods-DOTA2ShiPing.release.xcconfig */,
			);
			name = Pods;
			sourceTree = "<group>";
		};
/* End PBXGroup section */

/* Begin PBXNativeTarget section */
		2D48D2921CDE20D600190F0C /* DOTA2ShiPing */ = {
			isa = PBXNativeTarget;
			buildConfigurationList = 2D48D2AD1CDE20D700190F0C /* Build configuration list for PBXNativeTarget "DOTA2ShiPing" */;
			buildPhases = (
				E262330E9DF75363014C9BB9 /* [CP] Check Pods Manifest.lock */,
				88E74CE1F8E71C406CFFA065 /* [CP] Check Pods Manifest.lock */,
				A29B211BCBD441417F6BE818 /* [CP] Check Pods Manifest.lock */,
				2C2B8A069469C93A874F0CD8 /* [CP] Check Pods Manifest.lock */,
				2D48D28F1CDE20D600190F0C /* Sources */,
				2D48D2901CDE20D600190F0C /* Frameworks */,
				2D48D2911CDE20D600190F0C /* Resources */,
				101FA0CFE02D18C82BEB8FCD /* [CP] Embed Pods Frameworks */,
				7D5B34B511A6E868C6E92C54 /* [CP] Copy Pods Resources */,
				A52B809E02EAF2FCBDDFB959 /* 📦 Embed Pods Frameworks */,
				3F0A27494A6243F91DBDB826 /* 📦 Copy Pods Resources */,
			);
			buildRules = (
			);
			dependencies = (
			);
			name = DOTA2ShiPing;
			productName = DOTA2ShiPing;
			productReference = 2D48D2931CDE20D600190F0C /* DOTA2ShiPing.app */;
			productType = "com.apple.product-type.application";
		};
/* End PBXNativeTarget section */

/* Begin PBXProject section */
		2D48D28B1CDE20D600190F0C /* Project object */ = {
			isa = PBXProject;
			attributes = {
				CLASSPREFIX = SP;
				LastUpgradeCheck = 0730;
				ORGANIZATIONNAME = wwwbbat;
				TargetAttributes = {
					2D48D2921CDE20D600190F0C = {
						CreatedOnToolsVersion = 7.3.1;
						DevelopmentTeam = 8QP3ZT6EXM;
					};
				};
			};
			buildConfigurationList = 2D48D28E1CDE20D600190F0C /* Build configuration list for PBXProject "DOTA2ShiPing" */;
			compatibilityVersion = "Xcode 3.2";
			developmentRegion = English;
			hasScannedForEncodings = 0;
			knownRegions = (
				en,
				Base,
			);
			mainGroup = 2D48D28A1CDE20D600190F0C;
			productRefGroup = 2D48D2941CDE20D600190F0C /* Products */;
			projectDirPath = "";
			projectRoot = "";
			targets = (
				2D48D2921CDE20D600190F0C /* DOTA2ShiPing */,
			);
		};
/* End PBXProject section */

/* Begin PBXResourcesBuildPhase section */
		2D48D2911CDE20D600190F0C /* Resources */ = {
			isa = PBXResourcesBuildPhase;
			buildActionMask = 2147483647;
			files = (
				2D0A827A1CDF303500F26BD1 /* baidumobadsdk.bundle in Resources */,
				2D86C0F11CF99DB0008E1C5D /* item.db in Resources */,
				2D9C8B6F1D154EBC00F217AE /* LCActionSheet.bundle in Resources */,
				2D48D2A91CDE20D700190F0C /* LaunchScreen.storyboard in Resources */,
				2D48D2C61CDE21F400190F0C /* SPMain.storyboard in Resources */,
				2D48D2A61CDE20D700190F0C /* Assets.xcassets in Resources */,
				2D0A82671CDEEEE500F26BD1 /* data.json in Resources */,
				2D0A823F1CDE2FE300F26BD1 /* SPItemEntranceConfigure in Resources */,
			);
			runOnlyForDeploymentPostprocessing = 0;
		};
/* End PBXResourcesBuildPhase section */

/* Begin PBXShellScriptBuildPhase section */
		101FA0CFE02D18C82BEB8FCD /* [CP] Embed Pods Frameworks */ = {
			isa = PBXShellScriptBuildPhase;
			buildActionMask = 2147483647;
			files = (
			);
			inputPaths = (
			);
			name = "[CP] Embed Pods Frameworks";
			outputPaths = (
			);
			runOnlyForDeploymentPostprocessing = 0;
			shellPath = /bin/sh;
			shellScript = "\"${SRCROOT}/Pods/Target Support Files/Pods-DOTA2ShiPing/Pods-DOTA2ShiPing-frameworks.sh\"\n";
			showEnvVarsInLog = 0;
		};
		2C2B8A069469C93A874F0CD8 /* [CP] Check Pods Manifest.lock */ = {
			isa = PBXShellScriptBuildPhase;
			buildActionMask = 2147483647;
			files = (
			);
			inputPaths = (
			);
			name = "[CP] Check Pods Manifest.lock";
			outputPaths = (
			);
			runOnlyForDeploymentPostprocessing = 0;
			shellPath = /bin/sh;
			shellScript = "diff \"${PODS_ROOT}/../Podfile.lock\" \"${PODS_ROOT}/Manifest.lock\" > /dev/null\nif [[ $? != 0 ]] ; then\n    cat << EOM\nerror: The sandbox is not in sync with the Podfile.lock. Run 'pod install' or update your CocoaPods installation.\nEOM\n    exit 1\nfi\n";
			showEnvVarsInLog = 0;
		};
		3F0A27494A6243F91DBDB826 /* 📦 Copy Pods Resources */ = {
			isa = PBXShellScriptBuildPhase;
			buildActionMask = 2147483647;
			files = (
			);
			inputPaths = (
			);
			name = "📦 Copy Pods Resources";
			outputPaths = (
			);
			runOnlyForDeploymentPostprocessing = 0;
			shellPath = /bin/sh;
			shellScript = "\"${SRCROOT}/Pods/Target Support Files/Pods-DOTA2ShiPing/Pods-DOTA2ShiPing-resources.sh\"\n";
			showEnvVarsInLog = 0;
		};
		7D5B34B511A6E868C6E92C54 /* [CP] Copy Pods Resources */ = {
			isa = PBXShellScriptBuildPhase;
			buildActionMask = 2147483647;
			files = (
			);
			inputPaths = (
			);
			name = "[CP] Copy Pods Resources";
			outputPaths = (
			);
			runOnlyForDeploymentPostprocessing = 0;
			shellPath = /bin/sh;
			shellScript = "\"${SRCROOT}/Pods/Target Support Files/Pods-DOTA2ShiPing/Pods-DOTA2ShiPing-resources.sh\"\n";
			showEnvVarsInLog = 0;
		};
		88E74CE1F8E71C406CFFA065 /* [CP] Check Pods Manifest.lock */ = {
			isa = PBXShellScriptBuildPhase;
			buildActionMask = 2147483647;
			files = (
			);
			inputPaths = (
			);
			name = "[CP] Check Pods Manifest.lock";
			outputPaths = (
			);
			runOnlyForDeploymentPostprocessing = 0;
			shellPath = /bin/sh;
			shellScript = "diff \"${PODS_ROOT}/../Podfile.lock\" \"${PODS_ROOT}/Manifest.lock\" > /dev/null\nif [[ $? != 0 ]] ; then\n    cat << EOM\nerror: The sandbox is not in sync with the Podfile.lock. Run 'pod install' or update your CocoaPods installation.\nEOM\n    exit 1\nfi\n";
			showEnvVarsInLog = 0;
		};
		A29B211BCBD441417F6BE818 /* [CP] Check Pods Manifest.lock */ = {
			isa = PBXShellScriptBuildPhase;
			buildActionMask = 2147483647;
			files = (
			);
			inputPaths = (
			);
			name = "[CP] Check Pods Manifest.lock";
			outputPaths = (
			);
			runOnlyForDeploymentPostprocessing = 0;
			shellPath = /bin/sh;
			shellScript = "diff \"${PODS_ROOT}/../Podfile.lock\" \"${PODS_ROOT}/Manifest.lock\" > /dev/null\nif [[ $? != 0 ]] ; then\n    cat << EOM\nerror: The sandbox is not in sync with the Podfile.lock. Run 'pod install' or update your CocoaPods installation.\nEOM\n    exit 1\nfi\n";
			showEnvVarsInLog = 0;
		};
		A52B809E02EAF2FCBDDFB959 /* 📦 Embed Pods Frameworks */ = {
			isa = PBXShellScriptBuildPhase;
			buildActionMask = 2147483647;
			files = (
			);
			inputPaths = (
			);
			name = "📦 Embed Pods Frameworks";
			outputPaths = (
			);
			runOnlyForDeploymentPostprocessing = 0;
			shellPath = /bin/sh;
			shellScript = "\"${SRCROOT}/Pods/Target Support Files/Pods-DOTA2ShiPing/Pods-DOTA2ShiPing-frameworks.sh\"\n";
			showEnvVarsInLog = 0;
		};
		E262330E9DF75363014C9BB9 /* [CP] Check Pods Manifest.lock */ = {
			isa = PBXShellScriptBuildPhase;
			buildActionMask = 2147483647;
			files = (
			);
			inputPaths = (
			);
			name = "[CP] Check Pods Manifest.lock";
			outputPaths = (
			);
			runOnlyForDeploymentPostprocessing = 0;
			shellPath = /bin/sh;
			shellScript = "diff \"${PODS_ROOT}/../Podfile.lock\" \"${PODS_ROOT}/Manifest.lock\" > /dev/null\nif [[ $? != 0 ]] ; then\n    cat << EOM\nerror: The sandbox is not in sync with the Podfile.lock. Run 'pod install' or update your CocoaPods installation.\nEOM\n    exit 1\nfi\n";
			showEnvVarsInLog = 0;
		};
/* End PBXShellScriptBuildPhase section */

/* Begin PBXSourcesBuildPhase section */
		2D48D28F1CDE20D600190F0C /* Sources */ = {
			isa = PBXSourcesBuildPhase;
			buildActionMask = 2147483647;
			files = (
				2D0A826D1CDF1EF300F26BD1 /* SPItemListVC.m in Sources */,
				2D86C1101CFB1EBE008E1C5D /* SPPlayerManager.m in Sources */,
				2D0A829C1CDF32EC00F26BD1 /* DDMainADVC.m in Sources */,
				2D86C0F41CF9CA13008E1C5D /* SPSearchBar.m in Sources */,
				2DF28B7B1D30B1A6003762DA /* SPPlayerAliasesVC.m in Sources */,
				2DA452521CE0FF4C004BD185 /* SPLogoHeader.m in Sources */,
				2D86C0FF1CFAF8B2008E1C5D /* SPMaxPlusAPI.m in Sources */,
				2D0FB4A41CEB10F1004A300D /* SPSearchVC.m in Sources */,
				44399A0B1D34919C006F0F16 /* SPPlayerInventorySearchFilterVC.m in Sources */,
				2D86C10D1CFB13C7008E1C5D /* SPSearchCell.m in Sources */,
				2D494BBC1CE0C15100491A20 /* SPItem.m in Sources */,
				2D1CA5A81D15705400B169E0 /* SPPlayerItems.m in Sources */,
				2D0A82651CDEEEA600F26BD1 /* SPItemSlot.m in Sources */,
				44399A0E1D3494D0006F0F16 /* SPInventoryConditionCell.m in Sources */,
				2D86C10A1CFB0F30008E1C5D /* SPPlayerListVC.m in Sources */,
				2D86C1041CFB00E3008E1C5D /* SPPlayer.m in Sources */,
				2D0A82A21CDF3A7700F26BD1 /* SPLaunchADVC.m in Sources */,
				2D0A823C1CDE2E1A00F26BD1 /* SPItemEntranceVC.m in Sources */,
				2D57A2FF1D28F37B00D36150 /* SPSearchPlayerItemsVC.m in Sources */,
				2DA452451CE0ED35004BD185 /* SPItemColor.m in Sources */,
				44C71DA11D3360DD00D2E06F /* SPInventorySegmentPickerVC.m in Sources */,
				2D0A82471CDE32F500F26BD1 /* SPItemEntranceCell.m in Sources */,
				2D6AACAE1CE76F3300A7D610 /* SPItemSets.m in Sources */,
				2D6E24381D3020EA00995045 /* SPLeftAlignmentLayout.m in Sources */,
				2DF28B8A1D30FE95003762DA /* SPInventoryFilter.m in Sources */,
				2D86C0FA1CFAEECA008E1C5D /* SPBaseViewController.m in Sources */,
				2DF28B8E1D312B95003762DA /* UIView+More.m in Sources */,
				2D3CAC931D32870D001932E4 /* SPPlayerInventorySearchResultVC.m in Sources */,
				2D0A824B1CDE362E00F26BD1 /* UIImage+ImageEffects.m in Sources */,
				2D3CAC9D1D33C747001932E4 /* SPWorkshopVC.m in Sources */,
				2D0A826A1CDEEF1400F26BD1 /* SPDataManager.m in Sources */,
				2D48D29B1CDE20D700190F0C /* AppDelegate.m in Sources */,
				2D3CAC901D327DDA001932E4 /* SPPlayerInventoryFilterVC.m in Sources */,
				2D494BC51CE0D51800491A20 /* SPItemPrefab.m in Sources */,
				2DF28B7E1D30B4E3003762DA /* SPPlayer+More.m in Sources */,
				2D48D2981CDE20D700190F0C /* main.m in Sources */,
				2D0A82581CDED9B700F26BD1 /* SPItemHeroPickerVC.m in Sources */,
				2D0A82621CDEEE8500F26BD1 /* SPHero.m in Sources */,
				2D3CAC961D32A130001932E4 /* SPItemQuality.m in Sources */,
				2DF28B841D30DF46003762DA /* SPPlayerInventoryVC.m in Sources */,
				2D9C8B701D154EBC00F217AE /* LCActionSheet.m in Sources */,
				2D494BC21CE0D28B00491A20 /* DDProgressHUD.m in Sources */,
				2D0A825C1CDEE6F800F26BD1 /* UIViewController+Storyboard.m in Sources */,
				2DA452421CE0E0E1004BD185 /* SPItemCell.m in Sources */,
				2D925F991D28C05100CF70BE /* SPPlayerCell.m in Sources */,
				2D0A825F1CDEEDD000F26BD1 /* SPHeroCell.m in Sources */,
				2DA4523F1CE0DDF6004BD185 /* SPItemListContainer.m in Sources */,
				2DF28B871D30E9AF003762DA /* SPInventoryCategoryPickerVC.m in Sources */,
				2D48D2C91CDE22B800190F0C /* DDMainTBC.m in Sources */,
				2D6AACAA1CE738B200A7D610 /* SPItem+Cache.m in Sources */,
				2D86C0F71CFAA0D9008E1C5D /* SPSearchEngine.m in Sources */,
				2DB174861D14FBDE0042417D /* SPDotabuffAPI.m in Sources */,
				2D57A3021D29028300D36150 /* SPPlayerDetailInfoVC.m in Sources */,
				2D0A82501CDE4CAB00F26BD1 /* SPItemOffPriceVC.m in Sources */,
				2D494BB61CE0BE9700491A20 /* SPItemFilter.m in Sources */,
				2D494BB91CE0BF5D00491A20 /* SPItemRarity.m in Sources */,
				2D0A82431CDE312500F26BD1 /* SPItemEntranceConfig.m in Sources */,
				2DB174891D14FBE70042417D /* SPSteamAPI.m in Sources */,
				2D0A82A61CDF4AAA00F26BD1 /* DDSegmentScrollView.m in Sources */,
			);
			runOnlyForDeploymentPostprocessing = 0;
		};
/* End PBXSourcesBuildPhase section */

/* Begin PBXVariantGroup section */
		2D48D2A71CDE20D700190F0C /* LaunchScreen.storyboard */ = {
			isa = PBXVariantGroup;
			children = (
				2D48D2A81CDE20D700190F0C /* Base */,
			);
			name = LaunchScreen.storyboard;
			sourceTree = "<group>";
		};
/* End PBXVariantGroup section */

/* Begin XCBuildConfiguration section */
		2D48D2AB1CDE20D700190F0C /* Debug */ = {
			isa = XCBuildConfiguration;
			baseConfigurationReference = 112F9D57D42D37A148B12842 /* Pods-DOTA2ShiPing.debug.xcconfig */;
			buildSettings = {
				ALWAYS_SEARCH_USER_PATHS = NO;
				CLANG_ANALYZER_NONNULL = YES;
				CLANG_CXX_LANGUAGE_STANDARD = "gnu++0x";
				CLANG_CXX_LIBRARY = "libc++";
				CLANG_ENABLE_MODULES = YES;
				CLANG_ENABLE_OBJC_ARC = YES;
				CLANG_WARN_BOOL_CONVERSION = YES;
				CLANG_WARN_CONSTANT_CONVERSION = YES;
				CLANG_WARN_DIRECT_OBJC_ISA_USAGE = YES_ERROR;
				CLANG_WARN_EMPTY_BODY = YES;
				CLANG_WARN_ENUM_CONVERSION = YES;
				CLANG_WARN_INT_CONVERSION = YES;
				CLANG_WARN_OBJC_ROOT_CLASS = YES_ERROR;
				CLANG_WARN_UNREACHABLE_CODE = YES;
				CLANG_WARN__DUPLICATE_METHOD_MATCH = YES;
				"CODE_SIGN_IDENTITY[sdk=iphoneos*]" = "iPhone Developer";
				COPY_PHASE_STRIP = NO;
				DEBUG_INFORMATION_FORMAT = dwarf;
				ENABLE_BITCODE = NO;
				ENABLE_STRICT_OBJC_MSGSEND = YES;
				ENABLE_TESTABILITY = YES;
				GCC_C_LANGUAGE_STANDARD = gnu99;
				GCC_DYNAMIC_NO_PIC = NO;
				GCC_NO_COMMON_BLOCKS = YES;
				GCC_OPTIMIZATION_LEVEL = 0;
				GCC_PREPROCESSOR_DEFINITIONS = (
					"DEBUG=1",
					"$(inherited)",
				);
				GCC_WARN_64_TO_32_BIT_CONVERSION = YES;
				GCC_WARN_ABOUT_RETURN_TYPE = YES_ERROR;
				GCC_WARN_UNDECLARED_SELECTOR = YES;
				GCC_WARN_UNINITIALIZED_AUTOS = YES_AGGRESSIVE;
				GCC_WARN_UNUSED_FUNCTION = YES;
				GCC_WARN_UNUSED_VARIABLE = YES;
				IPHONEOS_DEPLOYMENT_TARGET = 8.0;
				MTL_ENABLE_DEBUG_INFO = YES;
				ONLY_ACTIVE_ARCH = YES;
				SDKROOT = iphoneos;
				TARGETED_DEVICE_FAMILY = "1,2";
			};
			name = Debug;
		};
		2D48D2AC1CDE20D700190F0C /* Release */ = {
			isa = XCBuildConfiguration;
			baseConfigurationReference = 23D6142664BEC9BAEB40BFC9 /* Pods-DOTA2ShiPing.release.xcconfig */;
			buildSettings = {
				ALWAYS_SEARCH_USER_PATHS = NO;
				CLANG_ANALYZER_NONNULL = YES;
				CLANG_CXX_LANGUAGE_STANDARD = "gnu++0x";
				CLANG_CXX_LIBRARY = "libc++";
				CLANG_ENABLE_MODULES = YES;
				CLANG_ENABLE_OBJC_ARC = YES;
				CLANG_WARN_BOOL_CONVERSION = YES;
				CLANG_WARN_CONSTANT_CONVERSION = YES;
				CLANG_WARN_DIRECT_OBJC_ISA_USAGE = YES_ERROR;
				CLANG_WARN_EMPTY_BODY = YES;
				CLANG_WARN_ENUM_CONVERSION = YES;
				CLANG_WARN_INT_CONVERSION = YES;
				CLANG_WARN_OBJC_ROOT_CLASS = YES_ERROR;
				CLANG_WARN_UNREACHABLE_CODE = YES;
				CLANG_WARN__DUPLICATE_METHOD_MATCH = YES;
				"CODE_SIGN_IDENTITY[sdk=iphoneos*]" = "iPhone Developer";
				COPY_PHASE_STRIP = NO;
				DEBUG_INFORMATION_FORMAT = "dwarf-with-dsym";
				ENABLE_BITCODE = NO;
				ENABLE_NS_ASSERTIONS = NO;
				ENABLE_STRICT_OBJC_MSGSEND = YES;
				GCC_C_LANGUAGE_STANDARD = gnu99;
				GCC_NO_COMMON_BLOCKS = YES;
				GCC_WARN_64_TO_32_BIT_CONVERSION = YES;
				GCC_WARN_ABOUT_RETURN_TYPE = YES_ERROR;
				GCC_WARN_UNDECLARED_SELECTOR = YES;
				GCC_WARN_UNINITIALIZED_AUTOS = YES_AGGRESSIVE;
				GCC_WARN_UNUSED_FUNCTION = YES;
				GCC_WARN_UNUSED_VARIABLE = YES;
				IPHONEOS_DEPLOYMENT_TARGET = 8.0;
				MTL_ENABLE_DEBUG_INFO = NO;
				SDKROOT = iphoneos;
				TARGETED_DEVICE_FAMILY = "1,2";
				VALIDATE_PRODUCT = YES;
			};
			name = Release;
		};
		2D48D2AE1CDE20D700190F0C /* Debug */ = {
			isa = XCBuildConfiguration;
			baseConfigurationReference = 112F9D57D42D37A148B12842 /* Pods-DOTA2ShiPing.debug.xcconfig */;
			buildSettings = {
				ASSETCATALOG_COMPILER_APPICON_NAME = AppIcon;
				CODE_SIGN_IDENTITY = "iPhone Developer";
				ENABLE_BITCODE = NO;
				INFOPLIST_FILE = DOTA2ShiPing/Info.plist;
				IPHONEOS_DEPLOYMENT_TARGET = 8.0;
				LD_RUNPATH_SEARCH_PATHS = "$(inherited) @executable_path/Frameworks";
				LIBRARY_SEARCH_PATHS = (
					"$(inherited)",
					"$(PROJECT_DIR)/DOTA2ShiPing/3rd/BaiduAD",
				);
				OTHER_LDFLAGS = (
					"$(inherited)",
					"-ObjC",
					"-l\"AFNetworking\"",
					"-l\"DZNEmptyDataSet\"",
					"-l\"FMDB\"",
					"-l\"IAPHelper\"",
					"-l\"MBProgressHUD\"",
					"-l\"MJRefresh\"",
					"-l\"YYModel\"",
					"-l\"c++\"",
					"-l\"sqlite3\"",
					"-framework",
					"\"CoreFoundation\"",
					"-framework",
					"\"CoreGraphics\"",
					"-framework",
					"\"Foundation\"",
					"-framework",
					"\"ImageIO\"",
					"-framework",
					"\"MobileCoreServices\"",
					"-framework",
					"\"QuartzCore\"",
					"-framework",
					"\"Security\"",
					"-framework",
					"\"StoreKit\"",
					"-framework",
					"\"SystemConfiguration\"",
					"-framework",
					"\"UIKit\"",
					"-lstdc++",
				);
				PRODUCT_BUNDLE_IDENTIFIER = wwwbbat.DOTA2ShiPing;
				PRODUCT_NAME = "$(TARGET_NAME)";
			};
			name = Debug;
		};
		2D48D2AF1CDE20D700190F0C /* Release */ = {
			isa = XCBuildConfiguration;
			baseConfigurationReference = 23D6142664BEC9BAEB40BFC9 /* Pods-DOTA2ShiPing.release.xcconfig */;
			buildSettings = {
				ASSETCATALOG_COMPILER_APPICON_NAME = AppIcon;
				CODE_SIGN_IDENTITY = "iPhone Developer";
				ENABLE_BITCODE = NO;
				INFOPLIST_FILE = DOTA2ShiPing/Info.plist;
				IPHONEOS_DEPLOYMENT_TARGET = 8.0;
				LD_RUNPATH_SEARCH_PATHS = "$(inherited) @executable_path/Frameworks";
				LIBRARY_SEARCH_PATHS = (
					"$(inherited)",
					"$(PROJECT_DIR)/DOTA2ShiPing/3rd/BaiduAD",
				);
				OTHER_LDFLAGS = (
					"$(inherited)",
					"-ObjC",
					"-l\"AFNetworking\"",
					"-l\"DZNEmptyDataSet\"",
					"-l\"FMDB\"",
					"-l\"IAPHelper\"",
					"-l\"MBProgressHUD\"",
					"-l\"MJRefresh\"",
					"-l\"YYModel\"",
					"-l\"c++\"",
					"-l\"sqlite3\"",
					"-framework",
					"\"CoreFoundation\"",
					"-framework",
					"\"CoreGraphics\"",
					"-framework",
					"\"Foundation\"",
					"-framework",
					"\"ImageIO\"",
					"-framework",
					"\"MobileCoreServices\"",
					"-framework",
					"\"QuartzCore\"",
					"-framework",
					"\"Security\"",
					"-framework",
					"\"StoreKit\"",
					"-framework",
					"\"SystemConfiguration\"",
					"-framework",
					"\"UIKit\"",
					"-lstdc++",
				);
				PRODUCT_BUNDLE_IDENTIFIER = wwwbbat.DOTA2ShiPing;
				PRODUCT_NAME = "$(TARGET_NAME)";
			};
			name = Release;
		};
/* End XCBuildConfiguration section */

/* Begin XCConfigurationList section */
		2D48D28E1CDE20D600190F0C /* Build configuration list for PBXProject "DOTA2ShiPing" */ = {
			isa = XCConfigurationList;
			buildConfigurations = (
				2D48D2AB1CDE20D700190F0C /* Debug */,
				2D48D2AC1CDE20D700190F0C /* Release */,
			);
			defaultConfigurationIsVisible = 0;
			defaultConfigurationName = Release;
		};
		2D48D2AD1CDE20D700190F0C /* Build configuration list for PBXNativeTarget "DOTA2ShiPing" */ = {
			isa = XCConfigurationList;
			buildConfigurations = (
				2D48D2AE1CDE20D700190F0C /* Debug */,
				2D48D2AF1CDE20D700190F0C /* Release */,
			);
			defaultConfigurationIsVisible = 0;
			defaultConfigurationName = Release;
		};
/* End XCConfigurationList section */
	};
	rootObject = 2D48D28B1CDE20D600190F0C /* Project object */;
}
