// !$*UTF8*$!
{
	archiveVersion = 1;
	classes = {
	};
	objectVersion = 46;
	objects = {

/* Begin PBXBuildFile section */
		2D1265921CBE994100D272A3 /* main.m in Sources */ = {isa = PBXBuildFile; fileRef = 2D1265911CBE994100D272A3 /* main.m */; };
		2D1265951CBE994100D272A3 /* AppDelegate.m in Sources */ = {isa = PBXBuildFile; fileRef = 2D1265941CBE994100D272A3 /* AppDelegate.m */; };
		2D1265981CBE994100D272A3 /* FirstViewController.m in Sources */ = {isa = PBXBuildFile; fileRef = 2D1265971CBE994100D272A3 /* FirstViewController.m */; };
		2D12659B1CBE994100D272A3 /* SecondViewController.m in Sources */ = {isa = PBXBuildFile; fileRef = 2D12659A1CBE994100D272A3 /* SecondViewController.m */; };
		2D12659E1CBE994100D272A3 /* Main.storyboard in Resources */ = {isa = PBXBuildFile; fileRef = 2D12659C1CBE994100D272A3 /* Main.storyboard */; };
		2D1265A01CBE994100D272A3 /* Assets.xcassets in Resources */ = {isa = PBXBuildFile; fileRef = 2D12659F1CBE994100D272A3 /* Assets.xcassets */; };
		2D1265A31CBE994100D272A3 /* LaunchScreen.storyboard in Resources */ = {isa = PBXBuildFile; fileRef = 2D1265A11CBE994100D272A3 /* LaunchScreen.storyboard */; };
		2D1265B51CBE99BB00D272A3 /* KeyValueParser.m in Sources */ = {isa = PBXBuildFile; fileRef = 2D1265B21CBE99BB00D272A3 /* KeyValueParser.m */; };
		2D1265B61CBE99BB00D272A3 /* TreeNode.m in Sources */ = {isa = PBXBuildFile; fileRef = 2D1265B41CBE99BB00D272A3 /* TreeNode.m */; };
		2D1265BF1CBEA34600D272A3 /* SPLocalMapping.m in Sources */ = {isa = PBXBuildFile; fileRef = 2D1265BE1CBEA34600D272A3 /* SPLocalMapping.m */; };
		2D1265C41CBEA5D900D272A3 /* SPItemGameData.m in Sources */ = {isa = PBXBuildFile; fileRef = 2D1265C31CBEA5D900D272A3 /* SPItemGameData.m */; };
		2D1265C71CBEA7BD00D272A3 /* SPItemPrefab.m in Sources */ = {isa = PBXBuildFile; fileRef = 2D1265C61CBEA7BD00D272A3 /* SPItemPrefab.m */; };
		2D1265CA1CBEB1BB00D272A3 /* SPItemRarity.m in Sources */ = {isa = PBXBuildFile; fileRef = 2D1265C91CBEB1BB00D272A3 /* SPItemRarity.m */; };
		2D1265CD1CBEB3B800D272A3 /* SPItemQuality.m in Sources */ = {isa = PBXBuildFile; fileRef = 2D1265CC1CBEB3B800D272A3 /* SPItemQuality.m */; };
		2D1265D01CBFCF6200D272A3 /* SPItemColor.m in Sources */ = {isa = PBXBuildFile; fileRef = 2D1265CF1CBFCF6200D272A3 /* SPItemColor.m */; };
		2D1265D31CBFD02000D272A3 /* SPItemSets.m in Sources */ = {isa = PBXBuildFile; fileRef = 2D1265D21CBFD02000D272A3 /* SPItemSets.m */; };
		2D1265D61CBFD13F00D272A3 /* SPItem.m in Sources */ = {isa = PBXBuildFile; fileRef = 2D1265D51CBFD13F00D272A3 /* SPItem.m */; };
		2D4022051F3718CF0006EFEF /* SPLootList.m in Sources */ = {isa = PBXBuildFile; fileRef = 2D4022041F3718CF0006EFEF /* SPLootList.m */; };
		2D4022081F3722E70006EFEF /* VDFParser.m in Sources */ = {isa = PBXBuildFile; fileRef = 2D4022071F3722E70006EFEF /* VDFParser.m */; };
		2D40220B1F3722F20006EFEF /* VDFNode.m in Sources */ = {isa = PBXBuildFile; fileRef = 2D40220A1F3722F20006EFEF /* VDFNode.m */; };
		2D48D2841CDDF10800190F0C /* hero in Resources */ = {isa = PBXBuildFile; fileRef = 2D48D2831CDDF10800190F0C /* hero */; };
		2D48D2891CDE06C700190F0C /* SPHero.m in Sources */ = {isa = PBXBuildFile; fileRef = 2D48D2881CDE06C700190F0C /* SPHero.m */; };
		2D4AD9CE1F1E281200FF3EDF /* SPHeroImageDownloader.m in Sources */ = {isa = PBXBuildFile; fileRef = 2D4AD9CD1F1E281200FF3EDF /* SPHeroImageDownloader.m */; };
		2D4B5C731F2124C200A3D8C9 /* SPItemStyle.m in Sources */ = {isa = PBXBuildFile; fileRef = 2D4B5C721F2124C200A3D8C9 /* SPItemStyle.m */; };
		2D86C0EF1CF99BB4008E1C5D /* items_game.txt in Resources */ = {isa = PBXBuildFile; fileRef = 2D86C0EE1CF99BB4008E1C5D /* items_game.txt */; };
		2D9A00D31CDDC86A00ABDC3B /* SPVDFResponseSerializer.m in Sources */ = {isa = PBXBuildFile; fileRef = 2D9A00D21CDDC86A00ABDC3B /* SPVDFResponseSerializer.m */; };
		2DA149D31CC1344B00AB59CA /* SPItemSlot.m in Sources */ = {isa = PBXBuildFile; fileRef = 2DA149D21CC1344B00AB59CA /* SPItemSlot.m */; };
		2DA6C7761FB71F2A00BDA2B1 /* uploadimage.sh in Resources */ = {isa = PBXBuildFile; fileRef = 2DA6C7751FB71F2100BDA2B1 /* uploadimage.sh */; };
		2DC0F6D01F1CC219004DCD3C /* SPItemImageDownloader.m in Sources */ = {isa = PBXBuildFile; fileRef = 2DC0F6CF1F1CC219004DCD3C /* SPItemImageDownloader.m */; };
		2DF862C01F43EE28009FADBC /* SPDotaEvent.m in Sources */ = {isa = PBXBuildFile; fileRef = 2DF862BF1F43EE28009FADBC /* SPDotaEvent.m */; };
		699ED1351FD65C460036DA1C /* SPPathManager.m in Sources */ = {isa = PBXBuildFile; fileRef = 699ED1341FD65C460036DA1C /* SPPathManager.m */; };
		ECE2451EBFFCB632E24FEADC /* libPods-ShiPing.a in Frameworks */ = {isa = PBXBuildFile; fileRef = 8E11DE0FF8D1BD249738E319 /* libPods-ShiPing.a */; };
/* End PBXBuildFile section */

/* Begin PBXFileReference section */
		176C0E2F597D301EE806EB8A /* Pods-ShiPing.release.xcconfig */ = {isa = PBXFileReference; includeInIndex = 1; lastKnownFileType = text.xcconfig; name = "Pods-ShiPing.release.xcconfig"; path = "Pods/Target Support Files/Pods-ShiPing/Pods-ShiPing.release.xcconfig"; sourceTree = "<group>"; };
		2D12658D1CBE994100D272A3 /* ShiPing.app */ = {isa = PBXFileReference; explicitFileType = wrapper.application; includeInIndex = 0; path = ShiPing.app; sourceTree = BUILT_PRODUCTS_DIR; };
		2D1265911CBE994100D272A3 /* main.m */ = {isa = PBXFileReference; lastKnownFileType = sourcecode.c.objc; path = main.m; sourceTree = "<group>"; };
		2D1265931CBE994100D272A3 /* AppDelegate.h */ = {isa = PBXFileReference; lastKnownFileType = sourcecode.c.h; path = AppDelegate.h; sourceTree = "<group>"; };
		2D1265941CBE994100D272A3 /* AppDelegate.m */ = {isa = PBXFileReference; lastKnownFileType = sourcecode.c.objc; path = AppDelegate.m; sourceTree = "<group>"; };
		2D1265961CBE994100D272A3 /* FirstViewController.h */ = {isa = PBXFileReference; lastKnownFileType = sourcecode.c.h; path = FirstViewController.h; sourceTree = "<group>"; };
		2D1265971CBE994100D272A3 /* FirstViewController.m */ = {isa = PBXFileReference; lastKnownFileType = sourcecode.c.objc; path = FirstViewController.m; sourceTree = "<group>"; };
		2D1265991CBE994100D272A3 /* SecondViewController.h */ = {isa = PBXFileReference; lastKnownFileType = sourcecode.c.h; path = SecondViewController.h; sourceTree = "<group>"; };
		2D12659A1CBE994100D272A3 /* SecondViewController.m */ = {isa = PBXFileReference; lastKnownFileType = sourcecode.c.objc; path = SecondViewController.m; sourceTree = "<group>"; };
		2D12659D1CBE994100D272A3 /* Base */ = {isa = PBXFileReference; lastKnownFileType = file.storyboard; name = Base; path = Base.lproj/Main.storyboard; sourceTree = "<group>"; };
		2D12659F1CBE994100D272A3 /* Assets.xcassets */ = {isa = PBXFileReference; lastKnownFileType = folder.assetcatalog; path = Assets.xcassets; sourceTree = "<group>"; };
		2D1265A21CBE994100D272A3 /* Base */ = {isa = PBXFileReference; lastKnownFileType = file.storyboard; name = Base; path = Base.lproj/LaunchScreen.storyboard; sourceTree = "<group>"; };
		2D1265A41CBE994100D272A3 /* Info.plist */ = {isa = PBXFileReference; lastKnownFileType = text.plist.xml; path = Info.plist; sourceTree = "<group>"; };
		2D1265B11CBE99BB00D272A3 /* KeyValueParser.h */ = {isa = PBXFileReference; fileEncoding = 4; lastKnownFileType = sourcecode.c.h; path = KeyValueParser.h; sourceTree = "<group>"; };
		2D1265B21CBE99BB00D272A3 /* KeyValueParser.m */ = {isa = PBXFileReference; fileEncoding = 4; lastKnownFileType = sourcecode.c.objc; path = KeyValueParser.m; sourceTree = "<group>"; };
		2D1265B31CBE99BB00D272A3 /* TreeNode.h */ = {isa = PBXFileReference; fileEncoding = 4; lastKnownFileType = sourcecode.c.h; path = TreeNode.h; sourceTree = "<group>"; };
		2D1265B41CBE99BB00D272A3 /* TreeNode.m */ = {isa = PBXFileReference; fileEncoding = 4; lastKnownFileType = sourcecode.c.objc; path = TreeNode.m; sourceTree = "<group>"; };
		2D1265BD1CBEA34600D272A3 /* SPLocalMapping.h */ = {isa = PBXFileReference; fileEncoding = 4; lastKnownFileType = sourcecode.c.h; path = SPLocalMapping.h; sourceTree = "<group>"; };
		2D1265BE1CBEA34600D272A3 /* SPLocalMapping.m */ = {isa = PBXFileReference; fileEncoding = 4; lastKnownFileType = sourcecode.c.objc; path = SPLocalMapping.m; sourceTree = "<group>"; };
		2D1265C21CBEA5D900D272A3 /* SPItemGameData.h */ = {isa = PBXFileReference; fileEncoding = 4; lastKnownFileType = sourcecode.c.h; path = SPItemGameData.h; sourceTree = "<group>"; };
		2D1265C31CBEA5D900D272A3 /* SPItemGameData.m */ = {isa = PBXFileReference; fileEncoding = 4; lastKnownFileType = sourcecode.c.objc; path = SPItemGameData.m; sourceTree = "<group>"; };
		2D1265C51CBEA7BD00D272A3 /* SPItemPrefab.h */ = {isa = PBXFileReference; fileEncoding = 4; lastKnownFileType = sourcecode.c.h; path = SPItemPrefab.h; sourceTree = "<group>"; };
		2D1265C61CBEA7BD00D272A3 /* SPItemPrefab.m */ = {isa = PBXFileReference; fileEncoding = 4; lastKnownFileType = sourcecode.c.objc; path = SPItemPrefab.m; sourceTree = "<group>"; };
		2D1265C81CBEB1BB00D272A3 /* SPItemRarity.h */ = {isa = PBXFileReference; fileEncoding = 4; lastKnownFileType = sourcecode.c.h; path = SPItemRarity.h; sourceTree = "<group>"; };
		2D1265C91CBEB1BB00D272A3 /* SPItemRarity.m */ = {isa = PBXFileReference; fileEncoding = 4; lastKnownFileType = sourcecode.c.objc; path = SPItemRarity.m; sourceTree = "<group>"; };
		2D1265CB1CBEB3B800D272A3 /* SPItemQuality.h */ = {isa = PBXFileReference; fileEncoding = 4; lastKnownFileType = sourcecode.c.h; path = SPItemQuality.h; sourceTree = "<group>"; };
		2D1265CC1CBEB3B800D272A3 /* SPItemQuality.m */ = {isa = PBXFileReference; fileEncoding = 4; lastKnownFileType = sourcecode.c.objc; path = SPItemQuality.m; sourceTree = "<group>"; };
		2D1265CE1CBFCF6200D272A3 /* SPItemColor.h */ = {isa = PBXFileReference; fileEncoding = 4; lastKnownFileType = sourcecode.c.h; path = SPItemColor.h; sourceTree = "<group>"; };
		2D1265CF1CBFCF6200D272A3 /* SPItemColor.m */ = {isa = PBXFileReference; fileEncoding = 4; lastKnownFileType = sourcecode.c.objc; path = SPItemColor.m; sourceTree = "<group>"; };
		2D1265D11CBFD02000D272A3 /* SPItemSets.h */ = {isa = PBXFileReference; fileEncoding = 4; lastKnownFileType = sourcecode.c.h; path = SPItemSets.h; sourceTree = "<group>"; };
		2D1265D21CBFD02000D272A3 /* SPItemSets.m */ = {isa = PBXFileReference; fileEncoding = 4; lastKnownFileType = sourcecode.c.objc; path = SPItemSets.m; sourceTree = "<group>"; };
		2D1265D41CBFD13F00D272A3 /* SPItem.h */ = {isa = PBXFileReference; fileEncoding = 4; lastKnownFileType = sourcecode.c.h; path = SPItem.h; sourceTree = "<group>"; };
		2D1265D51CBFD13F00D272A3 /* SPItem.m */ = {isa = PBXFileReference; fileEncoding = 4; lastKnownFileType = sourcecode.c.objc; path = SPItem.m; sourceTree = "<group>"; };
		2D4022031F3718CF0006EFEF /* SPLootList.h */ = {isa = PBXFileReference; fileEncoding = 4; lastKnownFileType = sourcecode.c.h; path = SPLootList.h; sourceTree = "<group>"; };
		2D4022041F3718CF0006EFEF /* SPLootList.m */ = {isa = PBXFileReference; fileEncoding = 4; lastKnownFileType = sourcecode.c.objc; path = SPLootList.m; sourceTree = "<group>"; };
		2D4022061F3722E70006EFEF /* VDFParser.h */ = {isa = PBXFileReference; fileEncoding = 4; lastKnownFileType = sourcecode.c.h; path = VDFParser.h; sourceTree = "<group>"; };
		2D4022071F3722E70006EFEF /* VDFParser.m */ = {isa = PBXFileReference; fileEncoding = 4; lastKnownFileType = sourcecode.c.objc; path = VDFParser.m; sourceTree = "<group>"; };
		2D4022091F3722F20006EFEF /* VDFNode.h */ = {isa = PBXFileReference; fileEncoding = 4; lastKnownFileType = sourcecode.c.h; path = VDFNode.h; sourceTree = "<group>"; };
		2D40220A1F3722F20006EFEF /* VDFNode.m */ = {isa = PBXFileReference; fileEncoding = 4; lastKnownFileType = sourcecode.c.objc; path = VDFNode.m; sourceTree = "<group>"; };
		2D48D2831CDDF10800190F0C /* hero */ = {isa = PBXFileReference; fileEncoding = 4; lastKnownFileType = text; path = hero; sourceTree = "<group>"; };
		2D48D2871CDE06C700190F0C /* SPHero.h */ = {isa = PBXFileReference; fileEncoding = 4; lastKnownFileType = sourcecode.c.h; path = SPHero.h; sourceTree = "<group>"; };
		2D48D2881CDE06C700190F0C /* SPHero.m */ = {isa = PBXFileReference; fileEncoding = 4; lastKnownFileType = sourcecode.c.objc; path = SPHero.m; sourceTree = "<group>"; };
		2D4AD9CC1F1E281200FF3EDF /* SPHeroImageDownloader.h */ = {isa = PBXFileReference; fileEncoding = 4; lastKnownFileType = sourcecode.c.h; path = SPHeroImageDownloader.h; sourceTree = "<group>"; };
		2D4AD9CD1F1E281200FF3EDF /* SPHeroImageDownloader.m */ = {isa = PBXFileReference; fileEncoding = 4; lastKnownFileType = sourcecode.c.objc; path = SPHeroImageDownloader.m; sourceTree = "<group>"; };
		2D4B5C711F2124C200A3D8C9 /* SPItemStyle.h */ = {isa = PBXFileReference; fileEncoding = 4; lastKnownFileType = sourcecode.c.h; path = SPItemStyle.h; sourceTree = "<group>"; };
		2D4B5C721F2124C200A3D8C9 /* SPItemStyle.m */ = {isa = PBXFileReference; fileEncoding = 4; lastKnownFileType = sourcecode.c.objc; path = SPItemStyle.m; sourceTree = "<group>"; };
		2D86C0EE1CF99BB4008E1C5D /* items_game.txt */ = {isa = PBXFileReference; fileEncoding = 4; lastKnownFileType = text; path = items_game.txt; sourceTree = "<group>"; xcLanguageSpecificationIdentifier = xcode.lang.javascript; };
		2D9A00D11CDDC86A00ABDC3B /* SPVDFResponseSerializer.h */ = {isa = PBXFileReference; fileEncoding = 4; lastKnownFileType = sourcecode.c.h; path = SPVDFResponseSerializer.h; sourceTree = "<group>"; };
		2D9A00D21CDDC86A00ABDC3B /* SPVDFResponseSerializer.m */ = {isa = PBXFileReference; fileEncoding = 4; lastKnownFileType = sourcecode.c.objc; path = SPVDFResponseSerializer.m; sourceTree = "<group>"; };
		2DA149D11CC1344B00AB59CA /* SPItemSlot.h */ = {isa = PBXFileReference; fileEncoding = 4; lastKnownFileType = sourcecode.c.h; path = SPItemSlot.h; sourceTree = "<group>"; };
		2DA149D21CC1344B00AB59CA /* SPItemSlot.m */ = {isa = PBXFileReference; fileEncoding = 4; lastKnownFileType = sourcecode.c.objc; path = SPItemSlot.m; sourceTree = "<group>"; };
		2DA6C7751FB71F2100BDA2B1 /* uploadimage.sh */ = {isa = PBXFileReference; lastKnownFileType = text.script.sh; path = uploadimage.sh; sourceTree = "<group>"; };
		2DC0F6CE1F1CC219004DCD3C /* SPItemImageDownloader.h */ = {isa = PBXFileReference; fileEncoding = 4; lastKnownFileType = sourcecode.c.h; path = SPItemImageDownloader.h; sourceTree = "<group>"; };
		2DC0F6CF1F1CC219004DCD3C /* SPItemImageDownloader.m */ = {isa = PBXFileReference; fileEncoding = 4; lastKnownFileType = sourcecode.c.objc; path = SPItemImageDownloader.m; sourceTree = "<group>"; };
		2DF862BE1F43EE28009FADBC /* SPDotaEvent.h */ = {isa = PBXFileReference; fileEncoding = 4; lastKnownFileType = sourcecode.c.h; path = SPDotaEvent.h; sourceTree = "<group>"; };
		2DF862BF1F43EE28009FADBC /* SPDotaEvent.m */ = {isa = PBXFileReference; fileEncoding = 4; lastKnownFileType = sourcecode.c.objc; path = SPDotaEvent.m; sourceTree = "<group>"; };
		699ED1331FD65C460036DA1C /* SPPathManager.h */ = {isa = PBXFileReference; lastKnownFileType = sourcecode.c.h; path = SPPathManager.h; sourceTree = "<group>"; };
		699ED1341FD65C460036DA1C /* SPPathManager.m */ = {isa = PBXFileReference; lastKnownFileType = sourcecode.c.objc; path = SPPathManager.m; sourceTree = "<group>"; };
		787F3D3582B6D65004D2DFF8 /* Pods-ShiPing.debug.xcconfig */ = {isa = PBXFileReference; includeInIndex = 1; lastKnownFileType = text.xcconfig; name = "Pods-ShiPing.debug.xcconfig"; path = "Pods/Target Support Files/Pods-ShiPing/Pods-ShiPing.debug.xcconfig"; sourceTree = "<group>"; };
		8E11DE0FF8D1BD249738E319 /* libPods-ShiPing.a */ = {isa = PBXFileReference; explicitFileType = archive.ar; includeInIndex = 0; path = "libPods-ShiPing.a"; sourceTree = BUILT_PRODUCTS_DIR; };
/* End PBXFileReference section */

/* Begin PBXFrameworksBuildPhase section */
		2D12658A1CBE994100D272A3 /* Frameworks */ = {
			isa = PBXFrameworksBuildPhase;
			buildActionMask = 2147483647;
			files = (
				ECE2451EBFFCB632E24FEADC /* libPods-ShiPing.a in Frameworks */,
			);
			runOnlyForDeploymentPostprocessing = 0;
		};
/* End PBXFrameworksBuildPhase section */

/* Begin PBXGroup section */
		2D1265841CBE994100D272A3 = {
			isa = PBXGroup;
			children = (
				2D12658F1CBE994100D272A3 /* ShiPing */,
				2D12658E1CBE994100D272A3 /* Products */,
				E6D60F87F4CEB574C72D4C7A /* Pods */,
				AE1D1FE732EA47CC1C72E1F1 /* Frameworks */,
			);
			sourceTree = "<group>";
		};
		2D12658E1CBE994100D272A3 /* Products */ = {
			isa = PBXGroup;
			children = (
				2D12658D1CBE994100D272A3 /* ShiPing.app */,
			);
			name = Products;
			sourceTree = "<group>";
		};
		2D12658F1CBE994100D272A3 /* ShiPing */ = {
			isa = PBXGroup;
			children = (
				2DA6C7751FB71F2100BDA2B1 /* uploadimage.sh */,
				2D86C0EE1CF99BB4008E1C5D /* items_game.txt */,
				2D1265AA1CBE99BB00D272A3 /* Code */,
				2D1265931CBE994100D272A3 /* AppDelegate.h */,
				2D1265941CBE994100D272A3 /* AppDelegate.m */,
				2D1265961CBE994100D272A3 /* FirstViewController.h */,
				2D1265971CBE994100D272A3 /* FirstViewController.m */,
				2D1265991CBE994100D272A3 /* SecondViewController.h */,
				2D12659A1CBE994100D272A3 /* SecondViewController.m */,
				2D12659C1CBE994100D272A3 /* Main.storyboard */,
				2D12659F1CBE994100D272A3 /* Assets.xcassets */,
				2D1265A11CBE994100D272A3 /* LaunchScreen.storyboard */,
				2D1265A41CBE994100D272A3 /* Info.plist */,
				2D1265901CBE994100D272A3 /* Supporting Files */,
				2D48D2831CDDF10800190F0C /* hero */,
			);
			path = ShiPing;
			sourceTree = "<group>";
		};
		2D1265901CBE994100D272A3 /* Supporting Files */ = {
			isa = PBXGroup;
			children = (
				2D1265911CBE994100D272A3 /* main.m */,
			);
			name = "Supporting Files";
			sourceTree = "<group>";
		};
		2D1265AA1CBE99BB00D272A3 /* Code */ = {
			isa = PBXGroup;
			children = (
				2D1265AF1CBE99BB00D272A3 /* Utils */,
				2D1265AC1CBE99BB00D272A3 /* Common */,
			);
			path = Code;
			sourceTree = "<group>";
		};
		2D1265AC1CBE99BB00D272A3 /* Common */ = {
			isa = PBXGroup;
			children = (
				2D1265BC1CBEA34600D272A3 /* Data */,
			);
			path = Common;
			sourceTree = "<group>";
		};
		2D1265AF1CBE99BB00D272A3 /* Utils */ = {
			isa = PBXGroup;
			children = (
				2D1265B01CBE99BB00D272A3 /* VDF */,
			);
			path = Utils;
			sourceTree = "<group>";
		};
		2D1265B01CBE99BB00D272A3 /* VDF */ = {
			isa = PBXGroup;
			children = (
				2D1265B11CBE99BB00D272A3 /* KeyValueParser.h */,
				2D1265B21CBE99BB00D272A3 /* KeyValueParser.m */,
				2D1265B31CBE99BB00D272A3 /* TreeNode.h */,
				2D1265B41CBE99BB00D272A3 /* TreeNode.m */,
				2D4022061F3722E70006EFEF /* VDFParser.h */,
				2D4022071F3722E70006EFEF /* VDFParser.m */,
				2D4022091F3722F20006EFEF /* VDFNode.h */,
				2D40220A1F3722F20006EFEF /* VDFNode.m */,
			);
			path = VDF;
			sourceTree = "<group>";
		};
		2D1265BC1CBEA34600D272A3 /* Data */ = {
			isa = PBXGroup;
			children = (
				699ED1331FD65C460036DA1C /* SPPathManager.h */,
				699ED1341FD65C460036DA1C /* SPPathManager.m */,
				2D1265BD1CBEA34600D272A3 /* SPLocalMapping.h */,
				2D1265BE1CBEA34600D272A3 /* SPLocalMapping.m */,
				2D1265C21CBEA5D900D272A3 /* SPItemGameData.h */,
				2D1265C31CBEA5D900D272A3 /* SPItemGameData.m */,
				2DC0F6CE1F1CC219004DCD3C /* SPItemImageDownloader.h */,
				2DC0F6CF1F1CC219004DCD3C /* SPItemImageDownloader.m */,
				2D4AD9CC1F1E281200FF3EDF /* SPHeroImageDownloader.h */,
				2D4AD9CD1F1E281200FF3EDF /* SPHeroImageDownloader.m */,
				2D1265C51CBEA7BD00D272A3 /* SPItemPrefab.h */,
				2D1265C61CBEA7BD00D272A3 /* SPItemPrefab.m */,
				2D1265C81CBEB1BB00D272A3 /* SPItemRarity.h */,
				2D1265C91CBEB1BB00D272A3 /* SPItemRarity.m */,
				2D1265CB1CBEB3B800D272A3 /* SPItemQuality.h */,
				2D1265CC1CBEB3B800D272A3 /* SPItemQuality.m */,
				2DA149D11CC1344B00AB59CA /* SPItemSlot.h */,
				2DA149D21CC1344B00AB59CA /* SPItemSlot.m */,
				2D1265CE1CBFCF6200D272A3 /* SPItemColor.h */,
				2D1265CF1CBFCF6200D272A3 /* SPItemColor.m */,
				2D1265D11CBFD02000D272A3 /* SPItemSets.h */,
				2D1265D21CBFD02000D272A3 /* SPItemSets.m */,
				2D1265D41CBFD13F00D272A3 /* SPItem.h */,
				2D1265D51CBFD13F00D272A3 /* SPItem.m */,
				2D4B5C711F2124C200A3D8C9 /* SPItemStyle.h */,
				2D4B5C721F2124C200A3D8C9 /* SPItemStyle.m */,
				2D48D2871CDE06C700190F0C /* SPHero.h */,
				2D48D2881CDE06C700190F0C /* SPHero.m */,
				2D4022031F3718CF0006EFEF /* SPLootList.h */,
				2D4022041F3718CF0006EFEF /* SPLootList.m */,
				2DF862BE1F43EE28009FADBC /* SPDotaEvent.h */,
				2DF862BF1F43EE28009FADBC /* SPDotaEvent.m */,
				2D9A00D11CDDC86A00ABDC3B /* SPVDFResponseSerializer.h */,
				2D9A00D21CDDC86A00ABDC3B /* SPVDFResponseSerializer.m */,
			);
			path = Data;
			sourceTree = "<group>";
		};
		AE1D1FE732EA47CC1C72E1F1 /* Frameworks */ = {
			isa = PBXGroup;
			children = (
				8E11DE0FF8D1BD249738E319 /* libPods-ShiPing.a */,
			);
			name = Frameworks;
			sourceTree = "<group>";
		};
		E6D60F87F4CEB574C72D4C7A /* Pods */ = {
			isa = PBXGroup;
			children = (
				787F3D3582B6D65004D2DFF8 /* Pods-ShiPing.debug.xcconfig */,
				176C0E2F597D301EE806EB8A /* Pods-ShiPing.release.xcconfig */,
			);
			name = Pods;
			sourceTree = "<group>";
		};
/* End PBXGroup section */

/* Begin PBXNativeTarget section */
		2D12658C1CBE994100D272A3 /* ShiPing */ = {
			isa = PBXNativeTarget;
			buildConfigurationList = 2D1265A71CBE994100D272A3 /* Build configuration list for PBXNativeTarget "ShiPing" */;
			buildPhases = (
				B712C8F10D56F91723B471E0 /* [CP] Check Pods Manifest.lock */,
				2D1265891CBE994100D272A3 /* Sources */,
				2D12658A1CBE994100D272A3 /* Frameworks */,
				2D12658B1CBE994100D272A3 /* Resources */,
				15088A8BD6A7DD863E1C89CB /* [CP] Embed Pods Frameworks */,
				89DF0AA0F26FB07F08E76512 /* [CP] Copy Pods Resources */,
			);
			buildRules = (
			);
			dependencies = (
			);
			name = ShiPing;
			productName = ShiPing;
			productReference = 2D12658D1CBE994100D272A3 /* ShiPing.app */;
			productType = "com.apple.product-type.application";
		};
/* End PBXNativeTarget section */

/* Begin PBXProject section */
		2D1265851CBE994100D272A3 /* Project object */ = {
			isa = PBXProject;
			attributes = {
				LastUpgradeCheck = 0730;
				ORGANIZATIONNAME = wwwbbat;
				TargetAttributes = {
					2D12658C1CBE994100D272A3 = {
						CreatedOnToolsVersion = 7.3;
						DevelopmentTeam = 8QP3ZT6EXM;
					};
				};
			};
			buildConfigurationList = 2D1265881CBE994100D272A3 /* Build configuration list for PBXProject "ShiPing" */;
			compatibilityVersion = "Xcode 3.2";
			developmentRegion = English;
			hasScannedForEncodings = 0;
			knownRegions = (
				en,
				Base,
			);
			mainGroup = 2D1265841CBE994100D272A3;
			productRefGroup = 2D12658E1CBE994100D272A3 /* Products */;
			projectDirPath = "";
			projectRoot = "";
			targets = (
				2D12658C1CBE994100D272A3 /* ShiPing */,
			);
		};
/* End PBXProject section */

/* Begin PBXResourcesBuildPhase section */
		2D12658B1CBE994100D272A3 /* Resources */ = {
			isa = PBXResourcesBuildPhase;
			buildActionMask = 2147483647;
			files = (
				2D48D2841CDDF10800190F0C /* hero in Resources */,
				2DA6C7761FB71F2A00BDA2B1 /* uploadimage.sh in Resources */,
				2D1265A31CBE994100D272A3 /* LaunchScreen.storyboard in Resources */,
				2D86C0EF1CF99BB4008E1C5D /* items_game.txt in Resources */,
				2D1265A01CBE994100D272A3 /* Assets.xcassets in Resources */,
				2D12659E1CBE994100D272A3 /* Main.storyboard in Resources */,
			);
			runOnlyForDeploymentPostprocessing = 0;
		};
/* End PBXResourcesBuildPhase section */

/* Begin PBXShellScriptBuildPhase section */
		15088A8BD6A7DD863E1C89CB /* [CP] Embed Pods Frameworks */ = {
			isa = PBXShellScriptBuildPhase;
			buildActionMask = 2147483647;
			files = (
			);
			inputPaths = (
			);
			name = "[CP] Embed Pods Frameworks";
			outputPaths = (
			);
			runOnlyForDeploymentPostprocessing = 0;
			shellPath = /bin/sh;
			shellScript = "\"${SRCROOT}/Pods/Target Support Files/Pods-ShiPing/Pods-ShiPing-frameworks.sh\"\n";
			showEnvVarsInLog = 0;
		};
		89DF0AA0F26FB07F08E76512 /* [CP] Copy Pods Resources */ = {
			isa = PBXShellScriptBuildPhase;
			buildActionMask = 2147483647;
			files = (
			);
			inputPaths = (
				"${SRCROOT}/Pods/Target Support Files/Pods-ShiPing/Pods-ShiPing-resources.sh",
				"${PODS_ROOT}/AVOSCloud/AVOS/AVOSCloud/AVOSCloud_Art.inc",
			);
			name = "[CP] Copy Pods Resources";
			outputPaths = (
				"${TARGET_BUILD_DIR}/${UNLOCALIZED_RESOURCES_FOLDER_PATH}",
			);
			runOnlyForDeploymentPostprocessing = 0;
			shellPath = /bin/sh;
			shellScript = "\"${SRCROOT}/Pods/Target Support Files/Pods-ShiPing/Pods-ShiPing-resources.sh\"\n";
			showEnvVarsInLog = 0;
		};
		B712C8F10D56F91723B471E0 /* [CP] Check Pods Manifest.lock */ = {
			isa = PBXShellScriptBuildPhase;
			buildActionMask = 2147483647;
			files = (
			);
			inputPaths = (
				"${PODS_PODFILE_DIR_PATH}/Podfile.lock",
				"${PODS_ROOT}/Manifest.lock",
			);
			name = "[CP] Check Pods Manifest.lock";
			outputPaths = (
				"$(DERIVED_FILE_DIR)/Pods-ShiPing-checkManifestLockResult.txt",
			);
			runOnlyForDeploymentPostprocessing = 0;
			shellPath = /bin/sh;
			shellScript = "diff \"${PODS_PODFILE_DIR_PATH}/Podfile.lock\" \"${PODS_ROOT}/Manifest.lock\" > /dev/null\nif [ $? != 0 ] ; then\n    # print error to STDERR\n    echo \"error: The sandbox is not in sync with the Podfile.lock. Run 'pod install' or update your CocoaPods installation.\" >&2\n    exit 1\nfi\n# This output is used by Xcode 'outputs' to avoid re-running this script phase.\necho \"SUCCESS\" > \"${SCRIPT_OUTPUT_FILE_0}\"\n";
			showEnvVarsInLog = 0;
		};
/* End PBXShellScriptBuildPhase section */

/* Begin PBXSourcesBuildPhase section */
		2D1265891CBE994100D272A3 /* Sources */ = {
			isa = PBXSourcesBuildPhase;
			buildActionMask = 2147483647;
			files = (
				699ED1351FD65C460036DA1C /* SPPathManager.m in Sources */,
				2D9A00D31CDDC86A00ABDC3B /* SPVDFResponseSerializer.m in Sources */,
				2D12659B1CBE994100D272A3 /* SecondViewController.m in Sources */,
				2D1265D31CBFD02000D272A3 /* SPItemSets.m in Sources */,
				2D1265D01CBFCF6200D272A3 /* SPItemColor.m in Sources */,
				2D1265CD1CBEB3B800D272A3 /* SPItemQuality.m in Sources */,
				2D40220B1F3722F20006EFEF /* VDFNode.m in Sources */,
				2DA149D31CC1344B00AB59CA /* SPItemSlot.m in Sources */,
				2D1265C41CBEA5D900D272A3 /* SPItemGameData.m in Sources */,
				2D4B5C731F2124C200A3D8C9 /* SPItemStyle.m in Sources */,
				2D1265C71CBEA7BD00D272A3 /* SPItemPrefab.m in Sources */,
				2D4022081F3722E70006EFEF /* VDFParser.m in Sources */,
				2D1265B51CBE99BB00D272A3 /* KeyValueParser.m in Sources */,
				2D1265CA1CBEB1BB00D272A3 /* SPItemRarity.m in Sources */,
				2DF862C01F43EE28009FADBC /* SPDotaEvent.m in Sources */,
				2D1265BF1CBEA34600D272A3 /* SPLocalMapping.m in Sources */,
				2D1265D61CBFD13F00D272A3 /* SPItem.m in Sources */,
				2D48D2891CDE06C700190F0C /* SPHero.m in Sources */,
				2D1265951CBE994100D272A3 /* AppDelegate.m in Sources */,
				2DC0F6D01F1CC219004DCD3C /* SPItemImageDownloader.m in Sources */,
				2D4AD9CE1F1E281200FF3EDF /* SPHeroImageDownloader.m in Sources */,
				2D1265981CBE994100D272A3 /* FirstViewController.m in Sources */,
				2D1265921CBE994100D272A3 /* main.m in Sources */,
				2D1265B61CBE99BB00D272A3 /* TreeNode.m in Sources */,
				2D4022051F3718CF0006EFEF /* SPLootList.m in Sources */,
			);
			runOnlyForDeploymentPostprocessing = 0;
		};
/* End PBXSourcesBuildPhase section */

/* Begin PBXVariantGroup section */
		2D12659C1CBE994100D272A3 /* Main.storyboard */ = {
			isa = PBXVariantGroup;
			children = (
				2D12659D1CBE994100D272A3 /* Base */,
			);
			name = Main.storyboard;
			sourceTree = "<group>";
		};
		2D1265A11CBE994100D272A3 /* LaunchScreen.storyboard */ = {
			isa = PBXVariantGroup;
			children = (
				2D1265A21CBE994100D272A3 /* Base */,
			);
			name = LaunchScreen.storyboard;
			sourceTree = "<group>";
		};
/* End PBXVariantGroup section */

/* Begin XCBuildConfiguration section */
		2D1265A51CBE994100D272A3 /* Debug */ = {
			isa = XCBuildConfiguration;
			buildSettings = {
				ALWAYS_SEARCH_USER_PATHS = NO;
				CLANG_ANALYZER_NONNULL = YES;
				CLANG_CXX_LANGUAGE_STANDARD = "gnu++0x";
				CLANG_CXX_LIBRARY = "libc++";
				CLANG_ENABLE_MODULES = YES;
				CLANG_ENABLE_OBJC_ARC = YES;
				CLANG_WARN_BOOL_CONVERSION = YES;
				CLANG_WARN_CONSTANT_CONVERSION = YES;
				CLANG_WARN_DIRECT_OBJC_ISA_USAGE = YES_ERROR;
				CLANG_WARN_EMPTY_BODY = YES;
				CLANG_WARN_ENUM_CONVERSION = YES;
				CLANG_WARN_INT_CONVERSION = YES;
				CLANG_WARN_OBJC_ROOT_CLASS = YES_ERROR;
				CLANG_WARN_UNREACHABLE_CODE = YES;
				CLANG_WARN__DUPLICATE_METHOD_MATCH = YES;
				"CODE_SIGN_IDENTITY[sdk=iphoneos*]" = "iPhone Developer";
				COPY_PHASE_STRIP = NO;
				DEBUG_INFORMATION_FORMAT = dwarf;
				ENABLE_STRICT_OBJC_MSGSEND = YES;
				ENABLE_TESTABILITY = YES;
				GCC_C_LANGUAGE_STANDARD = gnu99;
				GCC_DYNAMIC_NO_PIC = NO;
				GCC_NO_COMMON_BLOCKS = YES;
				GCC_OPTIMIZATION_LEVEL = 0;
				GCC_PREPROCESSOR_DEFINITIONS = (
					"DEBUG=1",
					"$(inherited)",
				);
				GCC_WARN_64_TO_32_BIT_CONVERSION = YES;
				GCC_WARN_ABOUT_RETURN_TYPE = YES_ERROR;
				GCC_WARN_UNDECLARED_SELECTOR = YES;
				GCC_WARN_UNINITIALIZED_AUTOS = YES_AGGRESSIVE;
				GCC_WARN_UNUSED_FUNCTION = YES;
				GCC_WARN_UNUSED_VARIABLE = YES;
				IPHONEOS_DEPLOYMENT_TARGET = 9.3;
				MTL_ENABLE_DEBUG_INFO = YES;
				ONLY_ACTIVE_ARCH = YES;
				SDKROOT = iphoneos;
				TARGETED_DEVICE_FAMILY = "1,2";
			};
			name = Debug;
		};
		2D1265A61CBE994100D272A3 /* Release */ = {
			isa = XCBuildConfiguration;
			buildSettings = {
				ALWAYS_SEARCH_USER_PATHS = NO;
				CLANG_ANALYZER_NONNULL = YES;
				CLANG_CXX_LANGUAGE_STANDARD = "gnu++0x";
				CLANG_CXX_LIBRARY = "libc++";
				CLANG_ENABLE_MODULES = YES;
				CLANG_ENABLE_OBJC_ARC = YES;
				CLANG_WARN_BOOL_CONVERSION = YES;
				CLANG_WARN_CONSTANT_CONVERSION = YES;
				CLANG_WARN_DIRECT_OBJC_ISA_USAGE = YES_ERROR;
				CLANG_WARN_EMPTY_BODY = YES;
				CLANG_WARN_ENUM_CONVERSION = YES;
				CLANG_WARN_INT_CONVERSION = YES;
				CLANG_WARN_OBJC_ROOT_CLASS = YES_ERROR;
				CLANG_WARN_UNREACHABLE_CODE = YES;
				CLANG_WARN__DUPLICATE_METHOD_MATCH = YES;
				"CODE_SIGN_IDENTITY[sdk=iphoneos*]" = "iPhone Developer";
				COPY_PHASE_STRIP = NO;
				DEBUG_INFORMATION_FORMAT = "dwarf-with-dsym";
				ENABLE_NS_ASSERTIONS = NO;
				ENABLE_STRICT_OBJC_MSGSEND = YES;
				GCC_C_LANGUAGE_STANDARD = gnu99;
				GCC_NO_COMMON_BLOCKS = YES;
				GCC_WARN_64_TO_32_BIT_CONVERSION = YES;
				GCC_WARN_ABOUT_RETURN_TYPE = YES_ERROR;
				GCC_WARN_UNDECLARED_SELECTOR = YES;
				GCC_WARN_UNINITIALIZED_AUTOS = YES_AGGRESSIVE;
				GCC_WARN_UNUSED_FUNCTION = YES;
				GCC_WARN_UNUSED_VARIABLE = YES;
				IPHONEOS_DEPLOYMENT_TARGET = 9.3;
				MTL_ENABLE_DEBUG_INFO = NO;
				SDKROOT = iphoneos;
				TARGETED_DEVICE_FAMILY = "1,2";
				VALIDATE_PRODUCT = YES;
			};
			name = Release;
		};
		2D1265A81CBE994100D272A3 /* Debug */ = {
			isa = XCBuildConfiguration;
			baseConfigurationReference = 787F3D3582B6D65004D2DFF8 /* Pods-ShiPing.debug.xcconfig */;
			buildSettings = {
				ASSETCATALOG_COMPILER_APPICON_NAME = AppIcon;
				DEVELOPMENT_TEAM = 8QP3ZT6EXM;
				INFOPLIST_FILE = ShiPing/Info.plist;
				LD_RUNPATH_SEARCH_PATHS = "$(inherited) @executable_path/Frameworks";
				PRODUCT_BUNDLE_IDENTIFIER = wwwbbat.ShiPing;
				PRODUCT_NAME = "$(TARGET_NAME)";
			};
			name = Debug;
		};
		2D1265A91CBE994100D272A3 /* Release */ = {
			isa = XCBuildConfiguration;
			baseConfigurationReference = 176C0E2F597D301EE806EB8A /* Pods-ShiPing.release.xcconfig */;
			buildSettings = {
				ASSETCATALOG_COMPILER_APPICON_NAME = AppIcon;
				DEVELOPMENT_TEAM = 8QP3ZT6EXM;
				INFOPLIST_FILE = ShiPing/Info.plist;
				LD_RUNPATH_SEARCH_PATHS = "$(inherited) @executable_path/Frameworks";
				PRODUCT_BUNDLE_IDENTIFIER = wwwbbat.ShiPing;
				PRODUCT_NAME = "$(TARGET_NAME)";
			};
			name = Release;
		};
/* End XCBuildConfiguration section */

/* Begin XCConfigurationList section */
		2D1265881CBE994100D272A3 /* Build configuration list for PBXProject "ShiPing" */ = {
			isa = XCConfigurationList;
			buildConfigurations = (
				2D1265A51CBE994100D272A3 /* Debug */,
				2D1265A61CBE994100D272A3 /* Release */,
			);
			defaultConfigurationIsVisible = 0;
			defaultConfigurationName = Release;
		};
		2D1265A71CBE994100D272A3 /* Build configuration list for PBXNativeTarget "ShiPing" */ = {
			isa = XCConfigurationList;
			buildConfigurations = (
				2D1265A81CBE994100D272A3 /* Debug */,
				2D1265A91CBE994100D272A3 /* Release */,
			);
			defaultConfigurationIsVisible = 0;
			defaultConfigurationName = Release;
		};
/* End XCConfigurationList section */
	};
	rootObject = 2D1265851CBE994100D272A3 /* Project object */;
}
