PODS:
  - AFNetworking (3.1.0):
    - AFNetworking/NSURLSession (= 3.1.0)
    - AFNetworking/Reachability (= 3.1.0)
    - AFNetworking/Security (= 3.1.0)
    - AFNetworking/Serialization (= 3.1.0)
    - AFNetworking/UIKit (= 3.1.0)
  - AFNetworking/NSURLSession (3.1.0):
    - AFNetworking/Reachability
    - AFNetworking/Security
    - AFNetworking/Serialization
  - AFNetworking/Reachability (3.1.0)
  - AFNetworking/Security (3.1.0)
  - AFNetworking/Serialization (3.1.0)
  - AFNetworking/UIKit (3.1.0):
    - AFNetworking/NSURLSession
  - AMPopTip (1.1.2)
  - AVOSCloud (6.1.0)
  - DACircularProgress (2.3.1)
  - DGActivityIndicatorView (2.1.1)
  - DZNEmptyDataSet (1.8.1)
  - DZNWebViewController (3.2)
  - FLAnimatedImage (1.0.12)
  - FMDB/standalone (2.7.2):
    - sqlite3
  - hpple (0.2.0)
  - IAPHelper (1.0.8.1)
  - IDMPhotoBrowser (1.11.3):
    - DACircularProgress
    - pop
    - SDWebImage (= 4.0.0)
  - IQKeyboardManager (4.0.10)
  - JZNavigationExtension (1.5.0.1)
  - libwebp (0.6.0):
    - libwebp/core (= 0.6.0)
    - libwebp/dec (= 0.6.0)
    - libwebp/demux (= 0.6.0)
    - libwebp/dsp (= 0.6.0)
    - libwebp/enc (= 0.6.0)
    - libwebp/mux (= 0.6.0)
    - libwebp/utils (= 0.6.0)
    - libwebp/webp (= 0.6.0)
  - libwebp/core (0.6.0):
    - libwebp/webp
  - libwebp/dec (0.6.0):
    - libwebp/core
  - libwebp/demux (0.6.0):
    - libwebp/core
  - libwebp/dsp (0.6.0):
    - libwebp/core
  - libwebp/enc (0.6.0):
    - libwebp/core
  - libwebp/mux (0.6.0):
    - libwebp/core
  - libwebp/utils (0.6.0):
    - libwebp/core
  - libwebp/webp (0.6.0)
  - MBProgressHUD (0.9.2)
  - MJRefresh (3.1.12)
  - PinYin4Objc (1.1.1)
  - pop (1.0.10)
  - ReactiveObjC (3.0.0)
  - SAMKeychain (1.5.2)
  - SDWebImage (4.0.0):
    - SDWebImage/Core (= 4.0.0)
  - SDWebImage/Core (4.0.0)
  - SDWebImage/GIF (4.0.0):
    - FLAnimatedImage (~> 1.0)
    - SDWebImage/Core
  - SDWebImage/WebP (4.0.0):
    - libwebp
    - SDWebImage/Core
  - sqlite3 (3.19.3):
    - sqlite3/common (= 3.19.3)
  - sqlite3/common (3.19.3)
  - SSZipArchive (1.8.1)
  - SVProgressHUD (2.1.2)
  - YYCache (1.0.4)
  - YYCategories (1.0.4):
    - YYCategories/no-arc (= 1.0.4)
  - YYCategories/no-arc (1.0.4)
  - YYModel (1.0.4)

DEPENDENCIES:
  - AFNetworking (~> 3.1.0)
  - AMPopTip (~> 1.1.1)
  - AVOSCloud
  - DACircularProgress
  - DGActivityIndicatorView (~> 2.0)
  - DZNEmptyDataSet (~> 1.8.1)
  - DZNWebViewController
  - FMDB/standalone (~> 2.7.2)
  - hpple (~> 0.2.0)
  - IAPHelper (~> 1.0.8.1)
  - IDMPhotoBrowser (~> 1.11.3)
  - IQKeyboardManager
  - JZNavigationExtension (~> 1.5.0.1)
  - MBProgressHUD (~> 0.9.2)
  - MJRefresh
  - PinYin4Objc (~> 1.1.1)
  - pop
  - ReactiveObjC
  - SAMKeychain
  - SDWebImage/GIF
  - SDWebImage/WebP
  - SSZipArchive (~> 1.8.1)
  - SVProgressHUD (from `https://github.com/SVProgressHUD/SVProgressHUD.git`)
  - YYCache
  - YYCategories
  - YYModel (~> 1.0.4)

EXTERNAL SOURCES:
  SVProgressHUD:
    :git: https://github.com/SVProgressHUD/SVProgressHUD.git

CHECKOUT OPTIONS:
  SVProgressHUD:
    :commit: 7e3139d2d56b336e48c178cc4605966191f4ac24
    :git: https://github.com/SVProgressHUD/SVProgressHUD.git

SPEC CHECKSUMS:
  AFNetworking: 5e0e199f73d8626b11e79750991f5d173d1f8b67
  AMPopTip: b31859b2e313f61318c676686493b1508c9a7221
  AVOSCloud: b8688d3a62f614062a0b26b6a1485f7eaf008619
  DACircularProgress: 4dd437c0fc3da5161cb289e07ac449493d41db71
  DGActivityIndicatorView: ff2c76073d79692f724863c8dd38685866a03cb6
  DZNEmptyDataSet: 9525833b9e68ac21c30253e1d3d7076cc828eaa7
  DZNWebViewController: 8e927a5de637fe0c4104c001d5cccd4fa5621e50
  FLAnimatedImage: 4a0b56255d9b05f18b6dd7ee06871be5d3b89e31
  FMDB: 6198a90e7b6900cfc046e6bc0ef6ebb7be9236aa
  hpple: 3b765f96fc2cd56ad1a49aef6f7be5cb2aa64b57
  IAPHelper: fbed593436838c3d40753ded319062b68c00cc38
  IDMPhotoBrowser: b96159fe4adb991a844068eb17dab9c0b7d7e51a
  IQKeyboardManager: 593ee99b88381f4b9ccb22bd680f22606351bd41
  JZNavigationExtension: 7b95d2b1c48846b8bedcb40d767448f14cb9a0b7
  libwebp: 1d5a07c2eb97f9c31bd5f154bb82efc0ea67c6a2
  MBProgressHUD: 1569cf7ace17a8bac47aabfbb8580a49690386d1
  MJRefresh: b96cdb21c4aa75a7b07654311ab2f315c497e806
  PinYin4Objc: 3fa9673610368330e2dfb688b1d19a35c3930a78
  pop: 82ca6b068ce9278fd350fd9dd09482a0ce9492e6
  ReactiveObjC: ce79989e8684b9086b5f8d0c74bc7b81a8729c9e
  SAMKeychain: 1865333198217411f35327e8da61b43de79b635b
  SDWebImage: 76a6348bdc74eb5a55dd08a091ef298e56b55e41
  sqlite3: e0f7755dc52e709215e116c801ea0c81fd45c083
  SSZipArchive: 04547dfa448be5ed7ecbaf7eaf8a6e9eb9b42997
  SVProgressHUD: d65371a8e4482380deddb9fe60e14e59ddb30eb3
  YYCache: 8105b6638f5e849296c71f331ff83891a4942952
  YYCategories: 6bcd4314c6661a561410dce4a793379ebd306abd
  YYModel: 2a7fdd96aaa4b86a824e26d0c517de8928c04b30

PODFILE CHECKSUM: bd67f3ea1e686571f3bc7e9d82e838d4b903a9f7

COCOAPODS: 1.2.1
